PODS:
  - CocoaSoundCloudAPI (1.0.1):
    - NXOAuth2Client (= 1.2.1)
  - CocoaSoundCloudUI (1.0.5):
    - CocoaSoundCloudAPI (~> 1.0.1)
    - JSONKit
    - OHAttributedLabel
  - CSColorizedProgressView (1.0)
  - CSNotificationView (0.3.3)
  - FlatUIKit (1.2)
  - JSONKit (1.5pre)
  - JXHTTP (1.0.0)
  - MRProgress (0.2.1)
  - NSData+Base64 (1.0.0)
  - NXOAuth2Client (1.2.1)
  - OHAttributedLabel (3.5.3)
  - SDWebImage (3.4):
    - SDWebImage/Core
  - SDWebImage/Core (3.4)
  - TMTumblrSDK (1.0.4):
    - TMTumblrSDK/Activity
    - TMTumblrSDK/APIClient
    - TMTumblrSDK/AppClient
    - TMTumblrSDK/Core
  - TMTumblrSDK/Activity (1.0.4)
  - TMTumblrSDK/APIClient (1.0.4):
    - JXHTTP (= 1.0.0)
    - TMTumblrSDK/APIClient/Authentication
  - TMTumblrSDK/APIClient/Authentication (1.0.4):
    - JXHTTP (= 1.0.0)
    - NSData+Base64 (= 1.0)
    - TMTumblrSDK/Core
  - TMTumblrSDK/AppClient (1.0.4):
    - TMTumblrSDK/Core
  - TMTumblrSDK/Core (1.0.4)

DEPENDENCIES:
  - CocoaSoundCloudAPI (= 1.0.1)
  - CocoaSoundCloudUI (= 1.0.5)
  - CSColorizedProgressView (= 1.0)
  - CSNotificationView
  - FlatUIKit
  - MRProgress (~> 0.2)
  - SDWebImage (= 3.4)
  - TMTumblrSDK

SPEC CHECKSUMS:
  CocoaSoundCloudAPI: 71e8ac175772ed161bbff6f46f04b171136a8292
  CocoaSoundCloudUI: 7c145af797c4e9c4e5da34d211fd689020ecff86
  CSColorizedProgressView: 1b7e32c30c2e7c6880ca51524c4a2bdf3ddf81c5
  CSNotificationView: f14352657afe7255be9fb2446eb99d5914b97b5d
  FlatUIKit: 43b2acaa6f4ef57539b51b00e4ce62d506e33e11
  JSONKit: 409734ab3407fce90ef7eaa95d7168f38d9a6601
  JXHTTP: 04f027e55c252d206cf3fcc2a2bde3914a35d842
  MRProgress: 28c146612cd5ceb30a16d06216028beab125d926
  NSData+Base64: 4819562faee4544e3cf5703f2139820b09732b28
  NXOAuth2Client: 478bc4f9a04e7ba9908b6c40f8669321676af0ee
  OHAttributedLabel: 985e4b57eec0dc6add79179ac47ec888b8a914e7
  SDWebImage: 366188f04c019bfd712d45e3b36aa52070f4abd8
  TMTumblrSDK: 1a175f7d6f9403874d86fac045c7b55fabb79389

COCOAPODS: 0.26.2
