// !$*UTF8*$!
{
	archiveVersion = 1;
	classes = {
	};
	objectVersion = 46;
	objects = {

/* Begin PBXBuildFile section */
		00B140AFDEA74C5982DA4003 /* libPods.a in Frameworks */ = {isa = PBXBuildFile; fileRef = 885CEE6E5C85475082B3F0D0 /* libPods.a */; };
		FC23D2DC181442F600C23DEE /* quark_up.png in Resources */ = {isa = PBXBuildFile; fileRef = FC23D2DB181442F600C23DEE /* quark_up.png */; };
		FC23D2E3181443BF00C23DEE /* QUP_icon.png in Resources */ = {isa = PBXBuildFile; fileRef = FC23D2E2181443BF00C23DEE /* QUP_icon.png */; };
		FC23D2E51814444F00C23DEE /* quark_up_launch.png in Resources */ = {isa = PBXBuildFile; fileRef = FC23D2E41814444F00C23DEE /* quark_up_launch.png */; };
		FC2C8C2D1829907E00AAC62D /* facebook.png in Resources */ = {isa = PBXBuildFile; fileRef = FC2C8C021829907D00AAC62D /* facebook.png */; };
		FC2C8C2E1829907E00AAC62D /* facebook@2x.png in Resources */ = {isa = PBXBuildFile; fileRef = FC2C8C031829907D00AAC62D /* facebook@2x.png */; };
		FC2C8C2F1829907E00AAC62D /* fail.png in Resources */ = {isa = PBXBuildFile; fileRef = FC2C8C041829907D00AAC62D /* fail.png */; };
		FC2C8C301829907E00AAC62D /* fail@2x.png in Resources */ = {isa = PBXBuildFile; fileRef = FC2C8C051829907D00AAC62D /* fail@2x.png */; };
		FC2C8C311829907E00AAC62D /* input.png in Resources */ = {isa = PBXBuildFile; fileRef = FC2C8C061829907D00AAC62D /* input.png */; };
		FC2C8C321829907E00AAC62D /* input@2x.png in Resources */ = {isa = PBXBuildFile; fileRef = FC2C8C071829907E00AAC62D /* input@2x.png */; };
		FC2C8C331829907E00AAC62D /* ipad.png in Resources */ = {isa = PBXBuildFile; fileRef = FC2C8C081829907E00AAC62D /* ipad.png */; };
		FC2C8C341829907E00AAC62D /* iphone.png in Resources */ = {isa = PBXBuildFile; fileRef = FC2C8C091829907E00AAC62D /* iphone.png */; };
		FC2C8C351829907E00AAC62D /* iphone@2x.png in Resources */ = {isa = PBXBuildFile; fileRef = FC2C8C0A1829907E00AAC62D /* iphone@2x.png */; };
		FC2C8C361829907E00AAC62D /* mailInputBackground.png in Resources */ = {isa = PBXBuildFile; fileRef = FC2C8C0B1829907E00AAC62D /* mailInputBackground.png */; };
		FC2C8C371829907E00AAC62D /* open-bg.png in Resources */ = {isa = PBXBuildFile; fileRef = FC2C8C0C1829907E00AAC62D /* open-bg.png */; };
		FC2C8C381829907E00AAC62D /* open-bg@2x.png in Resources */ = {isa = PBXBuildFile; fileRef = FC2C8C0D1829907E00AAC62D /* open-bg@2x.png */; };
		FC2C8C391829907E00AAC62D /* orange_header_logo.png in Resources */ = {isa = PBXBuildFile; fileRef = FC2C8C0E1829907E00AAC62D /* orange_header_logo.png */; };
		FC2C8C3A1829907E00AAC62D /* orange_header_logo@2x.png in Resources */ = {isa = PBXBuildFile; fileRef = FC2C8C0F1829907E00AAC62D /* orange_header_logo@2x.png */; };
		FC2C8C3B1829907E00AAC62D /* reload.png in Resources */ = {isa = PBXBuildFile; fileRef = FC2C8C101829907E00AAC62D /* reload.png */; };
		FC2C8C3C1829907E00AAC62D /* reload@2x.png in Resources */ = {isa = PBXBuildFile; fileRef = FC2C8C111829907E00AAC62D /* reload@2x.png */; };
		FC2C8C3D1829907E00AAC62D /* retry_pressed.png in Resources */ = {isa = PBXBuildFile; fileRef = FC2C8C121829907E00AAC62D /* retry_pressed.png */; };
		FC2C8C3E1829907E00AAC62D /* retry_pressed@2x.png in Resources */ = {isa = PBXBuildFile; fileRef = FC2C8C131829907E00AAC62D /* retry_pressed@2x.png */; };
		FC2C8C3F1829907E00AAC62D /* retry.png in Resources */ = {isa = PBXBuildFile; fileRef = FC2C8C141829907E00AAC62D /* retry.png */; };
		FC2C8C401829907E00AAC62D /* retry@2x.png in Resources */ = {isa = PBXBuildFile; fileRef = FC2C8C151829907E00AAC62D /* retry@2x.png */; };
		FC2C8C411829907E00AAC62D /* service_facebook_page.png in Resources */ = {isa = PBXBuildFile; fileRef = FC2C8C161829907E00AAC62D /* service_facebook_page.png */; };
		FC2C8C421829907E00AAC62D /* service_facebook_page@2x.png in Resources */ = {isa = PBXBuildFile; fileRef = FC2C8C171829907E00AAC62D /* service_facebook_page@2x.png */; };
		FC2C8C431829907E00AAC62D /* service_facebook_profile.png in Resources */ = {isa = PBXBuildFile; fileRef = FC2C8C181829907E00AAC62D /* service_facebook_profile.png */; };
		FC2C8C441829907E00AAC62D /* service_facebook_profile@2x.png in Resources */ = {isa = PBXBuildFile; fileRef = FC2C8C191829907E00AAC62D /* service_facebook_profile@2x.png */; };
		FC2C8C451829907E00AAC62D /* service_foursquare.png in Resources */ = {isa = PBXBuildFile; fileRef = FC2C8C1A1829907E00AAC62D /* service_foursquare.png */; };
		FC2C8C461829907E00AAC62D /* service_foursquare@2x.png in Resources */ = {isa = PBXBuildFile; fileRef = FC2C8C1B1829907E00AAC62D /* service_foursquare@2x.png */; };
		FC2C8C471829907E00AAC62D /* service_myspace.png in Resources */ = {isa = PBXBuildFile; fileRef = FC2C8C1C1829907E00AAC62D /* service_myspace.png */; };
		FC2C8C481829907E00AAC62D /* service_myspace@2x.png in Resources */ = {isa = PBXBuildFile; fileRef = FC2C8C1D1829907E00AAC62D /* service_myspace@2x.png */; };
		FC2C8C491829907E00AAC62D /* service_tumblr.png in Resources */ = {isa = PBXBuildFile; fileRef = FC2C8C1E1829907E00AAC62D /* service_tumblr.png */; };
		FC2C8C4A1829907E00AAC62D /* service_tumblr@2x.png in Resources */ = {isa = PBXBuildFile; fileRef = FC2C8C1F1829907E00AAC62D /* service_tumblr@2x.png */; };
		FC2C8C4B1829907E00AAC62D /* service_twitter.png in Resources */ = {isa = PBXBuildFile; fileRef = FC2C8C201829907E00AAC62D /* service_twitter.png */; };
		FC2C8C4C1829907E00AAC62D /* service_twitter@2x.png in Resources */ = {isa = PBXBuildFile; fileRef = FC2C8C211829907E00AAC62D /* service_twitter@2x.png */; };
		FC2C8C4D1829907E00AAC62D /* sharetosc.png in Resources */ = {isa = PBXBuildFile; fileRef = FC2C8C221829907E00AAC62D /* sharetosc.png */; };
		FC2C8C4E1829907E00AAC62D /* sharetosc@2x.png in Resources */ = {isa = PBXBuildFile; fileRef = FC2C8C231829907E00AAC62D /* sharetosc@2x.png */; };
		FC2C8C4F1829907E00AAC62D /* success.png in Resources */ = {isa = PBXBuildFile; fileRef = FC2C8C241829907E00AAC62D /* success.png */; };
		FC2C8C501829907E00AAC62D /* success@2x.png in Resources */ = {isa = PBXBuildFile; fileRef = FC2C8C251829907E00AAC62D /* success@2x.png */; };
		FC2C8C511829907E00AAC62D /* switch_blue.png in Resources */ = {isa = PBXBuildFile; fileRef = FC2C8C261829907E00AAC62D /* switch_blue.png */; };
		FC2C8C521829907E00AAC62D /* switch_filter.png in Resources */ = {isa = PBXBuildFile; fileRef = FC2C8C271829907E00AAC62D /* switch_filter.png */; };
		FC2C8C531829907E00AAC62D /* switch_gray.png in Resources */ = {isa = PBXBuildFile; fileRef = FC2C8C281829907E00AAC62D /* switch_gray.png */; };
		FC2C8C541829907E00AAC62D /* switch_mask.png in Resources */ = {isa = PBXBuildFile; fileRef = FC2C8C291829907E00AAC62D /* switch_mask.png */; };
		FC2C8C551829907E00AAC62D /* switch_orange.png in Resources */ = {isa = PBXBuildFile; fileRef = FC2C8C2A1829907E00AAC62D /* switch_orange.png */; };
		FC2C8C561829907E00AAC62D /* switch_slider-down.png in Resources */ = {isa = PBXBuildFile; fileRef = FC2C8C2B1829907E00AAC62D /* switch_slider-down.png */; };
		FC2C8C571829907E00AAC62D /* switch_slider.png in Resources */ = {isa = PBXBuildFile; fileRef = FC2C8C2C1829907E00AAC62D /* switch_slider.png */; };
		FC2C8C701829908A00AAC62D /* add-image.png in Resources */ = {isa = PBXBuildFile; fileRef = FC2C8C581829908900AAC62D /* add-image.png */; };
		FC2C8C711829908A00AAC62D /* add-image@2x.png in Resources */ = {isa = PBXBuildFile; fileRef = FC2C8C591829908900AAC62D /* add-image@2x.png */; };
		FC2C8C721829908A00AAC62D /* appstore.png in Resources */ = {isa = PBXBuildFile; fileRef = FC2C8C5A1829908900AAC62D /* appstore.png */; };
		FC2C8C731829908A00AAC62D /* appstore@2x.png in Resources */ = {isa = PBXBuildFile; fileRef = FC2C8C5B1829908900AAC62D /* appstore@2x.png */; };
		FC2C8C741829908A00AAC62D /* cancel_dark.png in Resources */ = {isa = PBXBuildFile; fileRef = FC2C8C5C1829908A00AAC62D /* cancel_dark.png */; };
		FC2C8C751829908A00AAC62D /* cancel_dark@2x.png in Resources */ = {isa = PBXBuildFile; fileRef = FC2C8C5D1829908A00AAC62D /* cancel_dark@2x.png */; };
		FC2C8C761829908A00AAC62D /* cancel.png in Resources */ = {isa = PBXBuildFile; fileRef = FC2C8C5E1829908A00AAC62D /* cancel.png */; };
		FC2C8C771829908A00AAC62D /* cancel@2x.png in Resources */ = {isa = PBXBuildFile; fileRef = FC2C8C5F1829908A00AAC62D /* cancel@2x.png */; };
		FC2C8C781829908A00AAC62D /* cancelUpload.png in Resources */ = {isa = PBXBuildFile; fileRef = FC2C8C601829908A00AAC62D /* cancelUpload.png */; };
		FC2C8C791829908A00AAC62D /* cancelUpload@2x.png in Resources */ = {isa = PBXBuildFile; fileRef = FC2C8C611829908A00AAC62D /* cancelUpload@2x.png */; };
		FC2C8C7A1829908A00AAC62D /* close.png in Resources */ = {isa = PBXBuildFile; fileRef = FC2C8C621829908A00AAC62D /* close.png */; };
		FC2C8C7B1829908A00AAC62D /* close@2x.png in Resources */ = {isa = PBXBuildFile; fileRef = FC2C8C631829908A00AAC62D /* close@2x.png */; };
		FC2C8C7C1829908A00AAC62D /* cloud.png in Resources */ = {isa = PBXBuildFile; fileRef = FC2C8C641829908A00AAC62D /* cloud.png */; };
		FC2C8C7D1829908A00AAC62D /* cloud@2x.png in Resources */ = {isa = PBXBuildFile; fileRef = FC2C8C651829908A00AAC62D /* cloud@2x.png */; };
		FC2C8C7E1829908A00AAC62D /* connecttosc.png in Resources */ = {isa = PBXBuildFile; fileRef = FC2C8C661829908A00AAC62D /* connecttosc.png */; };
		FC2C8C7F1829908A00AAC62D /* connecttosc@2x.png in Resources */ = {isa = PBXBuildFile; fileRef = FC2C8C671829908A00AAC62D /* connecttosc@2x.png */; };
		FC2C8C801829908A00AAC62D /* continue.png in Resources */ = {isa = PBXBuildFile; fileRef = FC2C8C681829908A00AAC62D /* continue.png */; };
		FC2C8C811829908A00AAC62D /* continue@2x.png in Resources */ = {isa = PBXBuildFile; fileRef = FC2C8C691829908A00AAC62D /* continue@2x.png */; };
		FC2C8C821829908A00AAC62D /* darkTexturedBackgroundPattern.png in Resources */ = {isa = PBXBuildFile; fileRef = FC2C8C6A1829908A00AAC62D /* darkTexturedBackgroundPattern.png */; };
		FC2C8C831829908A00AAC62D /* darkTexturedBackgroundPattern@2x.png in Resources */ = {isa = PBXBuildFile; fileRef = FC2C8C6B1829908A00AAC62D /* darkTexturedBackgroundPattern@2x.png */; };
		FC2C8C841829908A00AAC62D /* default-avatar.png in Resources */ = {isa = PBXBuildFile; fileRef = FC2C8C6C1829908A00AAC62D /* default-avatar.png */; };
		FC2C8C851829908A00AAC62D /* default-avatar@2x.png in Resources */ = {isa = PBXBuildFile; fileRef = FC2C8C6D1829908A00AAC62D /* default-avatar@2x.png */; };
		FC2C8C861829908A00AAC62D /* DisclosureIndicator.png in Resources */ = {isa = PBXBuildFile; fileRef = FC2C8C6E1829908A00AAC62D /* DisclosureIndicator.png */; };
		FC2C8C871829908A00AAC62D /* DisclosureIndicator@2x.png in Resources */ = {isa = PBXBuildFile; fileRef = FC2C8C6F1829908A00AAC62D /* DisclosureIndicator@2x.png */; };
		FC503679182AAFB10022D187 /* Reachability.m in Sources */ = {isa = PBXBuildFile; fileRef = FC503678182AAFB10022D187 /* Reachability.m */; };
		FC50367B182AAFDB0022D187 /* SystemConfiguration.framework in Frameworks */ = {isa = PBXBuildFile; fileRef = FC50367A182AAFDB0022D187 /* SystemConfiguration.framework */; };
		FC96A48C182D33580038A5DE /* SWTableViewCell.h in Resources */ = {isa = PBXBuildFile; fileRef = FC96A484182D33580038A5DE /* SWTableViewCell.h */; };
		FC96A48D182D33580038A5DE /* SWTableViewCell.m in Resources */ = {isa = PBXBuildFile; fileRef = FC96A485182D33580038A5DE /* SWTableViewCell.m */; };
		FC96A48E182D33580038A5DE /* Pods-SWTableViewCell.xcconfig in Resources */ = {isa = PBXBuildFile; fileRef = FC96A486182D33580038A5DE /* Pods-SWTableViewCell.xcconfig */; };
		FC96A48F182D33580038A5DE /* Pods-SWTableViewCell-Private.xcconfig in Resources */ = {isa = PBXBuildFile; fileRef = FC96A487182D33580038A5DE /* Pods-SWTableViewCell-Private.xcconfig */; };
		FC96A490182D33580038A5DE /* Pods-SWTableViewCell-dummy.m in Resources */ = {isa = PBXBuildFile; fileRef = FC96A488182D33580038A5DE /* Pods-SWTableViewCell-dummy.m */; };
		FC96A491182D33580038A5DE /* Pods-SWTableViewCell-prefix.pch in Resources */ = {isa = PBXBuildFile; fileRef = FC96A489182D33580038A5DE /* Pods-SWTableViewCell-prefix.pch */; };
		FC96A494182D89C10038A5DE /* SCTSubmissionViewController.m in Sources */ = {isa = PBXBuildFile; fileRef = FC96A493182D89C10038A5DE /* SCTSubmissionViewController.m */; };
		FC96A497182EB11A0038A5DE /* quark_up_banner.png in Resources */ = {isa = PBXBuildFile; fileRef = FC96A496182EB11A0038A5DE /* quark_up_banner.png */; };
		FCA30561180C9AC3001C5EE8 /* SoundCloud.bundle in Resources */ = {isa = PBXBuildFile; fileRef = FCA30560180C9AC3001C5EE8 /* SoundCloud.bundle */; };
		FCA30565180C9C2D001C5EE8 /* SCTTrackListViewController.m in Sources */ = {isa = PBXBuildFile; fileRef = FCA30563180C9C2D001C5EE8 /* SCTTrackListViewController.m */; };
		FCA30566180C9C2D001C5EE8 /* SCTTrackListViewController.xib in Resources */ = {isa = PBXBuildFile; fileRef = FCA30564180C9C2D001C5EE8 /* SCTTrackListViewController.xib */; };
		FCA30568180CA3ED001C5EE8 /* AVFoundation.framework in Frameworks */ = {isa = PBXBuildFile; fileRef = FCA30567180CA3ED001C5EE8 /* AVFoundation.framework */; };
		FCA3056A180DA9F9001C5EE8 /* SCTTrackCell.xib in Resources */ = {isa = PBXBuildFile; fileRef = FCA30569180DA9F9001C5EE8 /* SCTTrackCell.xib */; };
		FCA3056C180DDBE5001C5EE8 /* 14-tag.png in Resources */ = {isa = PBXBuildFile; fileRef = FCA3056B180DDBE5001C5EE8 /* 14-tag.png */; };
		FCA3056E180DDBFE001C5EE8 /* 05-shuffle.png in Resources */ = {isa = PBXBuildFile; fileRef = FCA3056D180DDBFE001C5EE8 /* 05-shuffle.png */; };
		FCA30575180DDC3F001C5EE8 /* 06-magnify.png in Resources */ = {isa = PBXBuildFile; fileRef = FCA30570180DDC3F001C5EE8 /* 06-magnify.png */; };
		FCA30576180DDC3F001C5EE8 /* 07-map-marker.png in Resources */ = {isa = PBXBuildFile; fileRef = FCA30571180DDC3F001C5EE8 /* 07-map-marker.png */; };
		FCA30577180DDC3F001C5EE8 /* 08-chat.png in Resources */ = {isa = PBXBuildFile; fileRef = FCA30572180DDC3F001C5EE8 /* 08-chat.png */; };
		FCA30578180DDC3F001C5EE8 /* 11-clock.png in Resources */ = {isa = PBXBuildFile; fileRef = FCA30573180DDC3F001C5EE8 /* 11-clock.png */; };
		FCA30579180DDC3F001C5EE8 /* 12-eye.png in Resources */ = {isa = PBXBuildFile; fileRef = FCA30574180DDC3F001C5EE8 /* 12-eye.png */; };
		FCA3057C180DDC5C001C5EE8 /* 18-envelope.png in Resources */ = {isa = PBXBuildFile; fileRef = FCA3057A180DDC5C001C5EE8 /* 18-envelope.png */; };
		FCA3057D180DDC5C001C5EE8 /* 19-gear.png in Resources */ = {isa = PBXBuildFile; fileRef = FCA3057B180DDC5C001C5EE8 /* 19-gear.png */; };
		FCA30580180DDC70001C5EE8 /* 28-star.png in Resources */ = {isa = PBXBuildFile; fileRef = FCA3057E180DDC70001C5EE8 /* 28-star.png */; };
		FCA30581180DDC70001C5EE8 /* 29-heart.png in Resources */ = {isa = PBXBuildFile; fileRef = FCA3057F180DDC70001C5EE8 /* 29-heart.png */; };
		FCA30583180DDC97001C5EE8 /* 58-bookmark.png in Resources */ = {isa = PBXBuildFile; fileRef = FCA30582180DDC97001C5EE8 /* 58-bookmark.png */; };
		FCA30585180DDCB7001C5EE8 /* 77-ekg.png in Resources */ = {isa = PBXBuildFile; fileRef = FCA30584180DDCB7001C5EE8 /* 77-ekg.png */; };
		FCA30587180DDCBF001C5EE8 /* 78-stopwatch.png in Resources */ = {isa = PBXBuildFile; fileRef = FCA30586180DDCBF001C5EE8 /* 78-stopwatch.png */; };
		FCA30589180DDCD9001C5EE8 /* 106-sliders.png in Resources */ = {isa = PBXBuildFile; fileRef = FCA30588180DDCD9001C5EE8 /* 106-sliders.png */; };
		FCA3058C180DDCE9001C5EE8 /* 111-user.png in Resources */ = {isa = PBXBuildFile; fileRef = FCA3058A180DDCE9001C5EE8 /* 111-user.png */; };
		FCA3058D180DDCE9001C5EE8 /* 112-group.png in Resources */ = {isa = PBXBuildFile; fileRef = FCA3058B180DDCE9001C5EE8 /* 112-group.png */; };
		FCA3058F180DDCF7001C5EE8 /* 120-headphones.png in Resources */ = {isa = PBXBuildFile; fileRef = FCA3058E180DDCF7001C5EE8 /* 120-headphones.png */; };
		FCA30591180DDD11001C5EE8 /* 124-bullhorn.png in Resources */ = {isa = PBXBuildFile; fileRef = FCA30590180DDD11001C5EE8 /* 124-bullhorn.png */; };
		FCA30593180DDD30001C5EE8 /* 145-persondot.png in Resources */ = {isa = PBXBuildFile; fileRef = FCA30592180DDD30001C5EE8 /* 145-persondot.png */; };
		FCA30595180DDD51001C5EE8 /* 194-note-2.png in Resources */ = {isa = PBXBuildFile; fileRef = FCA30594180DDD51001C5EE8 /* 194-note-2.png */; };
		FCA30598180DE0B0001C5EE8 /* SCTTrackCell.m in Sources */ = {isa = PBXBuildFile; fileRef = FCA30597180DE0B0001C5EE8 /* SCTTrackCell.m */; };
		FCA3059C180F13DF001C5EE8 /* QUP.png in Resources */ = {isa = PBXBuildFile; fileRef = FCA3059B180F13DF001C5EE8 /* QUP.png */; };
		FCA305A2181000EE001C5EE8 /* SCTViewCell.xib in Resources */ = {isa = PBXBuildFile; fileRef = FCA305A1181000EE001C5EE8 /* SCTViewCell.xib */; };
		FCA305A5181000FD001C5EE8 /* SCTViewCell.m in Sources */ = {isa = PBXBuildFile; fileRef = FCA305A4181000FD001C5EE8 /* SCTViewCell.m */; };
		FCA305A8181004B6001C5EE8 /* SCTFeedViewController.m in Sources */ = {isa = PBXBuildFile; fileRef = FCA305A7181004B6001C5EE8 /* SCTFeedViewController.m */; };
		FCA305B2181037FF001C5EE8 /* jorisd.png in Resources */ = {isa = PBXBuildFile; fileRef = FCA305B1181037FF001C5EE8 /* jorisd.png */; };
		FCD5B72F1829357500AD3D1F /* NSString+HTML.m in Sources */ = {isa = PBXBuildFile; fileRef = FCD5B72E1829357500AD3D1F /* NSString+HTML.m */; };
		FCD5B7331829843900AD3D1F /* SCTPersonalInfoViewController.m in Sources */ = {isa = PBXBuildFile; fileRef = FCD5B7311829843900AD3D1F /* SCTPersonalInfoViewController.m */; };
		FCFA3B0F180C98D800484DE4 /* Foundation.framework in Frameworks */ = {isa = PBXBuildFile; fileRef = FCFA3B0E180C98D800484DE4 /* Foundation.framework */; };
		FCFA3B11180C98D800484DE4 /* CoreGraphics.framework in Frameworks */ = {isa = PBXBuildFile; fileRef = FCFA3B10180C98D800484DE4 /* CoreGraphics.framework */; };
		FCFA3B13180C98D800484DE4 /* UIKit.framework in Frameworks */ = {isa = PBXBuildFile; fileRef = FCFA3B12180C98D800484DE4 /* UIKit.framework */; };
		FCFA3B19180C98D800484DE4 /* InfoPlist.strings in Resources */ = {isa = PBXBuildFile; fileRef = FCFA3B17180C98D800484DE4 /* InfoPlist.strings */; };
		FCFA3B1B180C98D800484DE4 /* main.m in Sources */ = {isa = PBXBuildFile; fileRef = FCFA3B1A180C98D800484DE4 /* main.m */; };
		FCFA3B1F180C98D800484DE4 /* SCTAppDelegate.m in Sources */ = {isa = PBXBuildFile; fileRef = FCFA3B1E180C98D800484DE4 /* SCTAppDelegate.m */; };
		FCFA3B22180C98D800484DE4 /* Main.storyboard in Resources */ = {isa = PBXBuildFile; fileRef = FCFA3B20180C98D800484DE4 /* Main.storyboard */; };
		FCFA3B27180C98D800484DE4 /* Images.xcassets in Resources */ = {isa = PBXBuildFile; fileRef = FCFA3B26180C98D800484DE4 /* Images.xcassets */; };
		FCFA3B2E180C98D800484DE4 /* XCTest.framework in Frameworks */ = {isa = PBXBuildFile; fileRef = FCFA3B2D180C98D800484DE4 /* XCTest.framework */; };
		FCFA3B2F180C98D800484DE4 /* Foundation.framework in Frameworks */ = {isa = PBXBuildFile; fileRef = FCFA3B0E180C98D800484DE4 /* Foundation.framework */; };
		FCFA3B30180C98D900484DE4 /* UIKit.framework in Frameworks */ = {isa = PBXBuildFile; fileRef = FCFA3B12180C98D800484DE4 /* UIKit.framework */; };
		FCFA3B38180C98D900484DE4 /* InfoPlist.strings in Resources */ = {isa = PBXBuildFile; fileRef = FCFA3B36180C98D900484DE4 /* InfoPlist.strings */; };
		FCFA3B3A180C98D900484DE4 /* QrkTests.m in Sources */ = {isa = PBXBuildFile; fileRef = FCFA3B39180C98D900484DE4 /* QrkTests.m */; };
		FCFA3B82180C9A4400484DE4 /* AddressBook.framework in Frameworks */ = {isa = PBXBuildFile; fileRef = FCFA3B7C180C9A4400484DE4 /* AddressBook.framework */; };
		FCFA3B83180C9A4400484DE4 /* AddressBookUI.framework in Frameworks */ = {isa = PBXBuildFile; fileRef = FCFA3B7D180C9A4400484DE4 /* AddressBookUI.framework */; };
		FCFA3B84180C9A4400484DE4 /* CoreLocation.framework in Frameworks */ = {isa = PBXBuildFile; fileRef = FCFA3B7E180C9A4400484DE4 /* CoreLocation.framework */; };
		FCFA3B85180C9A4400484DE4 /* CoreText.framework in Frameworks */ = {isa = PBXBuildFile; fileRef = FCFA3B7F180C9A4400484DE4 /* CoreText.framework */; };
		FCFA3B86180C9A4400484DE4 /* QuartzCore.framework in Frameworks */ = {isa = PBXBuildFile; fileRef = FCFA3B80180C9A4400484DE4 /* QuartzCore.framework */; };
		FCFA3B87180C9A4400484DE4 /* Security.framework in Frameworks */ = {isa = PBXBuildFile; fileRef = FCFA3B81180C9A4400484DE4 /* Security.framework */; };
/* End PBXBuildFile section */

/* Begin PBXContainerItemProxy section */
		FCFA3B31180C98D900484DE4 /* PBXContainerItemProxy */ = {
			isa = PBXContainerItemProxy;
			containerPortal = FCFA3B03180C98D800484DE4 /* Project object */;
			proxyType = 1;
			remoteGlobalIDString = FCFA3B0A180C98D800484DE4;
			remoteInfo = Qrk;
		};
/* End PBXContainerItemProxy section */

/* Begin PBXFileReference section */
		885CEE6E5C85475082B3F0D0 /* libPods.a */ = {isa = PBXFileReference; explicitFileType = archive.ar; includeInIndex = 0; path = libPods.a; sourceTree = BUILT_PRODUCTS_DIR; };
		DD2DB17C79AD4BBE8C326A2B /* Pods.xcconfig */ = {isa = PBXFileReference; includeInIndex = 1; lastKnownFileType = text.xcconfig; name = Pods.xcconfig; path = Pods/Pods.xcconfig; sourceTree = "<group>"; };
		FC23D2DB181442F600C23DEE /* quark_up.png */ = {isa = PBXFileReference; lastKnownFileType = image.png; name = quark_up.png; path = ../quark_up.png; sourceTree = "<group>"; };
		FC23D2E2181443BF00C23DEE /* QUP_icon.png */ = {isa = PBXFileReference; lastKnownFileType = image.png; name = QUP_icon.png; path = ../QUP_icon.png; sourceTree = "<group>"; };
		FC23D2E41814444F00C23DEE /* quark_up_launch.png */ = {isa = PBXFileReference; lastKnownFileType = image.png; name = quark_up_launch.png; path = ../quark_up_launch.png; sourceTree = "<group>"; };
		FC2C8C021829907D00AAC62D /* facebook.png */ = {isa = PBXFileReference; lastKnownFileType = image.png; name = facebook.png; path = SoundCloud.bundle/facebook.png; sourceTree = "<group>"; };
		FC2C8C031829907D00AAC62D /* facebook@2x.png */ = {isa = PBXFileReference; lastKnownFileType = image.png; name = "facebook@2x.png"; path = "SoundCloud.bundle/facebook@2x.png"; sourceTree = "<group>"; };
		FC2C8C041829907D00AAC62D /* fail.png */ = {isa = PBXFileReference; lastKnownFileType = image.png; name = fail.png; path = SoundCloud.bundle/fail.png; sourceTree = "<group>"; };
		FC2C8C051829907D00AAC62D /* fail@2x.png */ = {isa = PBXFileReference; lastKnownFileType = image.png; name = "fail@2x.png"; path = "SoundCloud.bundle/fail@2x.png"; sourceTree = "<group>"; };
		FC2C8C061829907D00AAC62D /* input.png */ = {isa = PBXFileReference; lastKnownFileType = image.png; name = input.png; path = SoundCloud.bundle/input.png; sourceTree = "<group>"; };
		FC2C8C071829907E00AAC62D /* input@2x.png */ = {isa = PBXFileReference; lastKnownFileType = image.png; name = "input@2x.png"; path = "SoundCloud.bundle/input@2x.png"; sourceTree = "<group>"; };
		FC2C8C081829907E00AAC62D /* ipad.png */ = {isa = PBXFileReference; lastKnownFileType = image.png; name = ipad.png; path = SoundCloud.bundle/ipad.png; sourceTree = "<group>"; };
		FC2C8C091829907E00AAC62D /* iphone.png */ = {isa = PBXFileReference; lastKnownFileType = image.png; name = iphone.png; path = SoundCloud.bundle/iphone.png; sourceTree = "<group>"; };
		FC2C8C0A1829907E00AAC62D /* iphone@2x.png */ = {isa = PBXFileReference; lastKnownFileType = image.png; name = "iphone@2x.png"; path = "SoundCloud.bundle/iphone@2x.png"; sourceTree = "<group>"; };
		FC2C8C0B1829907E00AAC62D /* mailInputBackground.png */ = {isa = PBXFileReference; lastKnownFileType = image.png; name = mailInputBackground.png; path = SoundCloud.bundle/mailInputBackground.png; sourceTree = "<group>"; };
		FC2C8C0C1829907E00AAC62D /* open-bg.png */ = {isa = PBXFileReference; lastKnownFileType = image.png; name = "open-bg.png"; path = "SoundCloud.bundle/open-bg.png"; sourceTree = "<group>"; };
		FC2C8C0D1829907E00AAC62D /* open-bg@2x.png */ = {isa = PBXFileReference; lastKnownFileType = image.png; name = "open-bg@2x.png"; path = "SoundCloud.bundle/open-bg@2x.png"; sourceTree = "<group>"; };
		FC2C8C0E1829907E00AAC62D /* orange_header_logo.png */ = {isa = PBXFileReference; lastKnownFileType = image.png; name = orange_header_logo.png; path = SoundCloud.bundle/orange_header_logo.png; sourceTree = "<group>"; };
		FC2C8C0F1829907E00AAC62D /* orange_header_logo@2x.png */ = {isa = PBXFileReference; lastKnownFileType = image.png; name = "orange_header_logo@2x.png"; path = "SoundCloud.bundle/orange_header_logo@2x.png"; sourceTree = "<group>"; };
		FC2C8C101829907E00AAC62D /* reload.png */ = {isa = PBXFileReference; lastKnownFileType = image.png; name = reload.png; path = SoundCloud.bundle/reload.png; sourceTree = "<group>"; };
		FC2C8C111829907E00AAC62D /* reload@2x.png */ = {isa = PBXFileReference; lastKnownFileType = image.png; name = "reload@2x.png"; path = "SoundCloud.bundle/reload@2x.png"; sourceTree = "<group>"; };
		FC2C8C121829907E00AAC62D /* retry_pressed.png */ = {isa = PBXFileReference; lastKnownFileType = image.png; name = retry_pressed.png; path = SoundCloud.bundle/retry_pressed.png; sourceTree = "<group>"; };
		FC2C8C131829907E00AAC62D /* retry_pressed@2x.png */ = {isa = PBXFileReference; lastKnownFileType = image.png; name = "retry_pressed@2x.png"; path = "SoundCloud.bundle/retry_pressed@2x.png"; sourceTree = "<group>"; };
		FC2C8C141829907E00AAC62D /* retry.png */ = {isa = PBXFileReference; lastKnownFileType = image.png; name = retry.png; path = SoundCloud.bundle/retry.png; sourceTree = "<group>"; };
		FC2C8C151829907E00AAC62D /* retry@2x.png */ = {isa = PBXFileReference; lastKnownFileType = image.png; name = "retry@2x.png"; path = "SoundCloud.bundle/retry@2x.png"; sourceTree = "<group>"; };
		FC2C8C161829907E00AAC62D /* service_facebook_page.png */ = {isa = PBXFileReference; lastKnownFileType = image.png; name = service_facebook_page.png; path = SoundCloud.bundle/service_facebook_page.png; sourceTree = "<group>"; };
		FC2C8C171829907E00AAC62D /* service_facebook_page@2x.png */ = {isa = PBXFileReference; lastKnownFileType = image.png; name = "service_facebook_page@2x.png"; path = "SoundCloud.bundle/service_facebook_page@2x.png"; sourceTree = "<group>"; };
		FC2C8C181829907E00AAC62D /* service_facebook_profile.png */ = {isa = PBXFileReference; lastKnownFileType = image.png; name = service_facebook_profile.png; path = SoundCloud.bundle/service_facebook_profile.png; sourceTree = "<group>"; };
		FC2C8C191829907E00AAC62D /* service_facebook_profile@2x.png */ = {isa = PBXFileReference; lastKnownFileType = image.png; name = "service_facebook_profile@2x.png"; path = "SoundCloud.bundle/service_facebook_profile@2x.png"; sourceTree = "<group>"; };
		FC2C8C1A1829907E00AAC62D /* service_foursquare.png */ = {isa = PBXFileReference; lastKnownFileType = image.png; name = service_foursquare.png; path = SoundCloud.bundle/service_foursquare.png; sourceTree = "<group>"; };
		FC2C8C1B1829907E00AAC62D /* service_foursquare@2x.png */ = {isa = PBXFileReference; lastKnownFileType = image.png; name = "service_foursquare@2x.png"; path = "SoundCloud.bundle/service_foursquare@2x.png"; sourceTree = "<group>"; };
		FC2C8C1C1829907E00AAC62D /* service_myspace.png */ = {isa = PBXFileReference; lastKnownFileType = image.png; name = service_myspace.png; path = SoundCloud.bundle/service_myspace.png; sourceTree = "<group>"; };
		FC2C8C1D1829907E00AAC62D /* service_myspace@2x.png */ = {isa = PBXFileReference; lastKnownFileType = image.png; name = "service_myspace@2x.png"; path = "SoundCloud.bundle/service_myspace@2x.png"; sourceTree = "<group>"; };
		FC2C8C1E1829907E00AAC62D /* service_tumblr.png */ = {isa = PBXFileReference; lastKnownFileType = image.png; name = service_tumblr.png; path = SoundCloud.bundle/service_tumblr.png; sourceTree = "<group>"; };
		FC2C8C1F1829907E00AAC62D /* service_tumblr@2x.png */ = {isa = PBXFileReference; lastKnownFileType = image.png; name = "service_tumblr@2x.png"; path = "SoundCloud.bundle/service_tumblr@2x.png"; sourceTree = "<group>"; };
		FC2C8C201829907E00AAC62D /* service_twitter.png */ = {isa = PBXFileReference; lastKnownFileType = image.png; name = service_twitter.png; path = SoundCloud.bundle/service_twitter.png; sourceTree = "<group>"; };
		FC2C8C211829907E00AAC62D /* service_twitter@2x.png */ = {isa = PBXFileReference; lastKnownFileType = image.png; name = "service_twitter@2x.png"; path = "SoundCloud.bundle/service_twitter@2x.png"; sourceTree = "<group>"; };
		FC2C8C221829907E00AAC62D /* sharetosc.png */ = {isa = PBXFileReference; lastKnownFileType = image.png; name = sharetosc.png; path = SoundCloud.bundle/sharetosc.png; sourceTree = "<group>"; };
		FC2C8C231829907E00AAC62D /* sharetosc@2x.png */ = {isa = PBXFileReference; lastKnownFileType = image.png; name = "sharetosc@2x.png"; path = "SoundCloud.bundle/sharetosc@2x.png"; sourceTree = "<group>"; };
		FC2C8C241829907E00AAC62D /* success.png */ = {isa = PBXFileReference; lastKnownFileType = image.png; name = success.png; path = SoundCloud.bundle/success.png; sourceTree = "<group>"; };
		FC2C8C251829907E00AAC62D /* success@2x.png */ = {isa = PBXFileReference; lastKnownFileType = image.png; name = "success@2x.png"; path = "SoundCloud.bundle/success@2x.png"; sourceTree = "<group>"; };
		FC2C8C261829907E00AAC62D /* switch_blue.png */ = {isa = PBXFileReference; lastKnownFileType = image.png; name = switch_blue.png; path = SoundCloud.bundle/switch_blue.png; sourceTree = "<group>"; };
		FC2C8C271829907E00AAC62D /* switch_filter.png */ = {isa = PBXFileReference; lastKnownFileType = image.png; name = switch_filter.png; path = SoundCloud.bundle/switch_filter.png; sourceTree = "<group>"; };
		FC2C8C281829907E00AAC62D /* switch_gray.png */ = {isa = PBXFileReference; lastKnownFileType = image.png; name = switch_gray.png; path = SoundCloud.bundle/switch_gray.png; sourceTree = "<group>"; };
		FC2C8C291829907E00AAC62D /* switch_mask.png */ = {isa = PBXFileReference; lastKnownFileType = image.png; name = switch_mask.png; path = SoundCloud.bundle/switch_mask.png; sourceTree = "<group>"; };
		FC2C8C2A1829907E00AAC62D /* switch_orange.png */ = {isa = PBXFileReference; lastKnownFileType = image.png; name = switch_orange.png; path = SoundCloud.bundle/switch_orange.png; sourceTree = "<group>"; };
		FC2C8C2B1829907E00AAC62D /* switch_slider-down.png */ = {isa = PBXFileReference; lastKnownFileType = image.png; name = "switch_slider-down.png"; path = "SoundCloud.bundle/switch_slider-down.png"; sourceTree = "<group>"; };
		FC2C8C2C1829907E00AAC62D /* switch_slider.png */ = {isa = PBXFileReference; lastKnownFileType = image.png; name = switch_slider.png; path = SoundCloud.bundle/switch_slider.png; sourceTree = "<group>"; };
		FC2C8C581829908900AAC62D /* add-image.png */ = {isa = PBXFileReference; lastKnownFileType = image.png; name = "add-image.png"; path = "SoundCloud.bundle/add-image.png"; sourceTree = "<group>"; };
		FC2C8C591829908900AAC62D /* add-image@2x.png */ = {isa = PBXFileReference; lastKnownFileType = image.png; name = "add-image@2x.png"; path = "SoundCloud.bundle/add-image@2x.png"; sourceTree = "<group>"; };
		FC2C8C5A1829908900AAC62D /* appstore.png */ = {isa = PBXFileReference; lastKnownFileType = image.png; name = appstore.png; path = SoundCloud.bundle/appstore.png; sourceTree = "<group>"; };
		FC2C8C5B1829908900AAC62D /* appstore@2x.png */ = {isa = PBXFileReference; lastKnownFileType = image.png; name = "appstore@2x.png"; path = "SoundCloud.bundle/appstore@2x.png"; sourceTree = "<group>"; };
		FC2C8C5C1829908A00AAC62D /* cancel_dark.png */ = {isa = PBXFileReference; lastKnownFileType = image.png; name = cancel_dark.png; path = SoundCloud.bundle/cancel_dark.png; sourceTree = "<group>"; };
		FC2C8C5D1829908A00AAC62D /* cancel_dark@2x.png */ = {isa = PBXFileReference; lastKnownFileType = image.png; name = "cancel_dark@2x.png"; path = "SoundCloud.bundle/cancel_dark@2x.png"; sourceTree = "<group>"; };
		FC2C8C5E1829908A00AAC62D /* cancel.png */ = {isa = PBXFileReference; lastKnownFileType = image.png; name = cancel.png; path = SoundCloud.bundle/cancel.png; sourceTree = "<group>"; };
		FC2C8C5F1829908A00AAC62D /* cancel@2x.png */ = {isa = PBXFileReference; lastKnownFileType = image.png; name = "cancel@2x.png"; path = "SoundCloud.bundle/cancel@2x.png"; sourceTree = "<group>"; };
		FC2C8C601829908A00AAC62D /* cancelUpload.png */ = {isa = PBXFileReference; lastKnownFileType = image.png; name = cancelUpload.png; path = SoundCloud.bundle/cancelUpload.png; sourceTree = "<group>"; };
		FC2C8C611829908A00AAC62D /* cancelUpload@2x.png */ = {isa = PBXFileReference; lastKnownFileType = image.png; name = "cancelUpload@2x.png"; path = "SoundCloud.bundle/cancelUpload@2x.png"; sourceTree = "<group>"; };
		FC2C8C621829908A00AAC62D /* close.png */ = {isa = PBXFileReference; lastKnownFileType = image.png; name = close.png; path = SoundCloud.bundle/close.png; sourceTree = "<group>"; };
		FC2C8C631829908A00AAC62D /* close@2x.png */ = {isa = PBXFileReference; lastKnownFileType = image.png; name = "close@2x.png"; path = "SoundCloud.bundle/close@2x.png"; sourceTree = "<group>"; };
		FC2C8C641829908A00AAC62D /* cloud.png */ = {isa = PBXFileReference; lastKnownFileType = image.png; name = cloud.png; path = SoundCloud.bundle/cloud.png; sourceTree = "<group>"; };
		FC2C8C651829908A00AAC62D /* cloud@2x.png */ = {isa = PBXFileReference; lastKnownFileType = image.png; name = "cloud@2x.png"; path = "SoundCloud.bundle/cloud@2x.png"; sourceTree = "<group>"; };
		FC2C8C661829908A00AAC62D /* connecttosc.png */ = {isa = PBXFileReference; lastKnownFileType = image.png; name = connecttosc.png; path = SoundCloud.bundle/connecttosc.png; sourceTree = "<group>"; };
		FC2C8C671829908A00AAC62D /* connecttosc@2x.png */ = {isa = PBXFileReference; lastKnownFileType = image.png; name = "connecttosc@2x.png"; path = "SoundCloud.bundle/connecttosc@2x.png"; sourceTree = "<group>"; };
		FC2C8C681829908A00AAC62D /* continue.png */ = {isa = PBXFileReference; lastKnownFileType = image.png; name = continue.png; path = SoundCloud.bundle/continue.png; sourceTree = "<group>"; };
		FC2C8C691829908A00AAC62D /* continue@2x.png */ = {isa = PBXFileReference; lastKnownFileType = image.png; name = "continue@2x.png"; path = "SoundCloud.bundle/continue@2x.png"; sourceTree = "<group>"; };
		FC2C8C6A1829908A00AAC62D /* darkTexturedBackgroundPattern.png */ = {isa = PBXFileReference; lastKnownFileType = image.png; name = darkTexturedBackgroundPattern.png; path = SoundCloud.bundle/darkTexturedBackgroundPattern.png; sourceTree = "<group>"; };
		FC2C8C6B1829908A00AAC62D /* darkTexturedBackgroundPattern@2x.png */ = {isa = PBXFileReference; lastKnownFileType = image.png; name = "darkTexturedBackgroundPattern@2x.png"; path = "SoundCloud.bundle/darkTexturedBackgroundPattern@2x.png"; sourceTree = "<group>"; };
		FC2C8C6C1829908A00AAC62D /* default-avatar.png */ = {isa = PBXFileReference; lastKnownFileType = image.png; name = "default-avatar.png"; path = "SoundCloud.bundle/default-avatar.png"; sourceTree = "<group>"; };
		FC2C8C6D1829908A00AAC62D /* default-avatar@2x.png */ = {isa = PBXFileReference; lastKnownFileType = image.png; name = "default-avatar@2x.png"; path = "SoundCloud.bundle/default-avatar@2x.png"; sourceTree = "<group>"; };
		FC2C8C6E1829908A00AAC62D /* DisclosureIndicator.png */ = {isa = PBXFileReference; lastKnownFileType = image.png; name = DisclosureIndicator.png; path = SoundCloud.bundle/DisclosureIndicator.png; sourceTree = "<group>"; };
		FC2C8C6F1829908A00AAC62D /* DisclosureIndicator@2x.png */ = {isa = PBXFileReference; lastKnownFileType = image.png; name = "DisclosureIndicator@2x.png"; path = "SoundCloud.bundle/DisclosureIndicator@2x.png"; sourceTree = "<group>"; };
		FC503677182AAFB10022D187 /* Reachability.h */ = {isa = PBXFileReference; fileEncoding = 4; lastKnownFileType = sourcecode.c.h; path = Reachability.h; sourceTree = "<group>"; };
		FC503678182AAFB10022D187 /* Reachability.m */ = {isa = PBXFileReference; fileEncoding = 4; lastKnownFileType = sourcecode.c.objc; path = Reachability.m; sourceTree = "<group>"; };
		FC50367A182AAFDB0022D187 /* SystemConfiguration.framework */ = {isa = PBXFileReference; lastKnownFileType = wrapper.framework; name = SystemConfiguration.framework; path = System/Library/Frameworks/SystemConfiguration.framework; sourceTree = SDKROOT; };
		FC96A484182D33580038A5DE /* SWTableViewCell.h */ = {isa = PBXFileReference; lastKnownFileType = sourcecode.c.h; name = SWTableViewCell.h; path = SWTableViewCell/SWTableViewCell.h; sourceTree = "<group>"; };
		FC96A485182D33580038A5DE /* SWTableViewCell.m */ = {isa = PBXFileReference; lastKnownFileType = sourcecode.c.objc; name = SWTableViewCell.m; path = SWTableViewCell/SWTableViewCell.m; sourceTree = "<group>"; };
		FC96A486182D33580038A5DE /* Pods-SWTableViewCell.xcconfig */ = {isa = PBXFileReference; lastKnownFileType = file; path = "Pods-SWTableViewCell.xcconfig"; sourceTree = "<group>"; };
		FC96A487182D33580038A5DE /* Pods-SWTableViewCell-Private.xcconfig */ = {isa = PBXFileReference; lastKnownFileType = file; path = "Pods-SWTableViewCell-Private.xcconfig"; sourceTree = "<group>"; };
		FC96A488182D33580038A5DE /* Pods-SWTableViewCell-dummy.m */ = {isa = PBXFileReference; lastKnownFileType = file; path = "Pods-SWTableViewCell-dummy.m"; sourceTree = "<group>"; };
		FC96A489182D33580038A5DE /* Pods-SWTableViewCell-prefix.pch */ = {isa = PBXFileReference; lastKnownFileType = file; path = "Pods-SWTableViewCell-prefix.pch"; sourceTree = "<group>"; };
		FC96A492182D89C10038A5DE /* SCTSubmissionViewController.h */ = {isa = PBXFileReference; fileEncoding = 4; lastKnownFileType = sourcecode.c.h; path = SCTSubmissionViewController.h; sourceTree = "<group>"; };
		FC96A493182D89C10038A5DE /* SCTSubmissionViewController.m */ = {isa = PBXFileReference; fileEncoding = 4; lastKnownFileType = sourcecode.c.objc; path = SCTSubmissionViewController.m; sourceTree = "<group>"; };
		FC96A496182EB11A0038A5DE /* quark_up_banner.png */ = {isa = PBXFileReference; lastKnownFileType = image.png; name = quark_up_banner.png; path = ../../Desktop/quark_up_banner.png; sourceTree = "<group>"; };
		FCA30560180C9AC3001C5EE8 /* SoundCloud.bundle */ = {isa = PBXFileReference; lastKnownFileType = "wrapper.plug-in"; path = SoundCloud.bundle; sourceTree = "<group>"; };
		FCA30562180C9C2D001C5EE8 /* SCTTrackListViewController.h */ = {isa = PBXFileReference; fileEncoding = 4; lastKnownFileType = sourcecode.c.h; path = SCTTrackListViewController.h; sourceTree = "<group>"; };
		FCA30563180C9C2D001C5EE8 /* SCTTrackListViewController.m */ = {isa = PBXFileReference; fileEncoding = 4; lastKnownFileType = sourcecode.c.objc; path = SCTTrackListViewController.m; sourceTree = "<group>"; };
		FCA30564180C9C2D001C5EE8 /* SCTTrackListViewController.xib */ = {isa = PBXFileReference; fileEncoding = 4; lastKnownFileType = file.xib; path = SCTTrackListViewController.xib; sourceTree = "<group>"; };
		FCA30567180CA3ED001C5EE8 /* AVFoundation.framework */ = {isa = PBXFileReference; lastKnownFileType = wrapper.framework; name = AVFoundation.framework; path = System/Library/Frameworks/AVFoundation.framework; sourceTree = SDKROOT; };
		FCA30569180DA9F9001C5EE8 /* SCTTrackCell.xib */ = {isa = PBXFileReference; fileEncoding = 4; lastKnownFileType = file.xib; path = SCTTrackCell.xib; sourceTree = "<group>"; };
		FCA3056B180DDBE5001C5EE8 /* 14-tag.png */ = {isa = PBXFileReference; lastKnownFileType = image.png; path = "14-tag.png"; sourceTree = "<group>"; };
		FCA3056D180DDBFE001C5EE8 /* 05-shuffle.png */ = {isa = PBXFileReference; lastKnownFileType = image.png; path = "05-shuffle.png"; sourceTree = "<group>"; };
		FCA30570180DDC3F001C5EE8 /* 06-magnify.png */ = {isa = PBXFileReference; lastKnownFileType = image.png; path = "06-magnify.png"; sourceTree = "<group>"; };
		FCA30571180DDC3F001C5EE8 /* 07-map-marker.png */ = {isa = PBXFileReference; lastKnownFileType = image.png; path = "07-map-marker.png"; sourceTree = "<group>"; };
		FCA30572180DDC3F001C5EE8 /* 08-chat.png */ = {isa = PBXFileReference; lastKnownFileType = image.png; path = "08-chat.png"; sourceTree = "<group>"; };
		FCA30573180DDC3F001C5EE8 /* 11-clock.png */ = {isa = PBXFileReference; lastKnownFileType = image.png; path = "11-clock.png"; sourceTree = "<group>"; };
		FCA30574180DDC3F001C5EE8 /* 12-eye.png */ = {isa = PBXFileReference; lastKnownFileType = image.png; path = "12-eye.png"; sourceTree = "<group>"; };
		FCA3057A180DDC5C001C5EE8 /* 18-envelope.png */ = {isa = PBXFileReference; lastKnownFileType = image.png; path = "18-envelope.png"; sourceTree = "<group>"; };
		FCA3057B180DDC5C001C5EE8 /* 19-gear.png */ = {isa = PBXFileReference; lastKnownFileType = image.png; path = "19-gear.png"; sourceTree = "<group>"; };
		FCA3057E180DDC70001C5EE8 /* 28-star.png */ = {isa = PBXFileReference; lastKnownFileType = image.png; path = "28-star.png"; sourceTree = "<group>"; };
		FCA3057F180DDC70001C5EE8 /* 29-heart.png */ = {isa = PBXFileReference; lastKnownFileType = image.png; path = "29-heart.png"; sourceTree = "<group>"; };
		FCA30582180DDC97001C5EE8 /* 58-bookmark.png */ = {isa = PBXFileReference; lastKnownFileType = image.png; path = "58-bookmark.png"; sourceTree = "<group>"; };
		FCA30584180DDCB7001C5EE8 /* 77-ekg.png */ = {isa = PBXFileReference; lastKnownFileType = image.png; path = "77-ekg.png"; sourceTree = "<group>"; };
		FCA30586180DDCBF001C5EE8 /* 78-stopwatch.png */ = {isa = PBXFileReference; lastKnownFileType = image.png; path = "78-stopwatch.png"; sourceTree = "<group>"; };
		FCA30588180DDCD9001C5EE8 /* 106-sliders.png */ = {isa = PBXFileReference; lastKnownFileType = image.png; path = "106-sliders.png"; sourceTree = "<group>"; };
		FCA3058A180DDCE9001C5EE8 /* 111-user.png */ = {isa = PBXFileReference; lastKnownFileType = image.png; path = "111-user.png"; sourceTree = "<group>"; };
		FCA3058B180DDCE9001C5EE8 /* 112-group.png */ = {isa = PBXFileReference; lastKnownFileType = image.png; path = "112-group.png"; sourceTree = "<group>"; };
		FCA3058E180DDCF7001C5EE8 /* 120-headphones.png */ = {isa = PBXFileReference; lastKnownFileType = image.png; path = "120-headphones.png"; sourceTree = "<group>"; };
		FCA30590180DDD11001C5EE8 /* 124-bullhorn.png */ = {isa = PBXFileReference; lastKnownFileType = image.png; path = "124-bullhorn.png"; sourceTree = "<group>"; };
		FCA30592180DDD30001C5EE8 /* 145-persondot.png */ = {isa = PBXFileReference; lastKnownFileType = image.png; path = "145-persondot.png"; sourceTree = "<group>"; };
		FCA30594180DDD51001C5EE8 /* 194-note-2.png */ = {isa = PBXFileReference; lastKnownFileType = image.png; path = "194-note-2.png"; sourceTree = "<group>"; };
		FCA30596180DE0B0001C5EE8 /* SCTTrackCell.h */ = {isa = PBXFileReference; fileEncoding = 4; lastKnownFileType = sourcecode.c.h; path = SCTTrackCell.h; sourceTree = "<group>"; };
		FCA30597180DE0B0001C5EE8 /* SCTTrackCell.m */ = {isa = PBXFileReference; fileEncoding = 4; lastKnownFileType = sourcecode.c.objc; path = SCTTrackCell.m; sourceTree = "<group>"; };
		FCA3059B180F13DF001C5EE8 /* QUP.png */ = {isa = PBXFileReference; lastKnownFileType = image.png; name = QUP.png; path = ../QUP.png; sourceTree = "<group>"; };
		FCA305A1181000EE001C5EE8 /* SCTViewCell.xib */ = {isa = PBXFileReference; fileEncoding = 4; lastKnownFileType = file.xib; path = SCTViewCell.xib; sourceTree = "<group>"; };
		FCA305A3181000FD001C5EE8 /* SCTViewCell.h */ = {isa = PBXFileReference; fileEncoding = 4; lastKnownFileType = sourcecode.c.h; path = SCTViewCell.h; sourceTree = "<group>"; };
		FCA305A4181000FD001C5EE8 /* SCTViewCell.m */ = {isa = PBXFileReference; fileEncoding = 4; lastKnownFileType = sourcecode.c.objc; path = SCTViewCell.m; sourceTree = "<group>"; };
		FCA305A6181004B6001C5EE8 /* SCTFeedViewController.h */ = {isa = PBXFileReference; fileEncoding = 4; lastKnownFileType = sourcecode.c.h; path = SCTFeedViewController.h; sourceTree = "<group>"; };
		FCA305A7181004B6001C5EE8 /* SCTFeedViewController.m */ = {isa = PBXFileReference; fileEncoding = 4; lastKnownFileType = sourcecode.c.objc; path = SCTFeedViewController.m; sourceTree = "<group>"; };
		FCA305B1181037FF001C5EE8 /* jorisd.png */ = {isa = PBXFileReference; lastKnownFileType = image.png; path = jorisd.png; sourceTree = "<group>"; };
		FCD5B72D1829357500AD3D1F /* NSString+HTML.h */ = {isa = PBXFileReference; fileEncoding = 4; lastKnownFileType = sourcecode.c.h; path = "NSString+HTML.h"; sourceTree = "<group>"; };
		FCD5B72E1829357500AD3D1F /* NSString+HTML.m */ = {isa = PBXFileReference; fileEncoding = 4; lastKnownFileType = sourcecode.c.objc; path = "NSString+HTML.m"; sourceTree = "<group>"; };
		FCD5B7301829843900AD3D1F /* SCTPersonalInfoViewController.h */ = {isa = PBXFileReference; fileEncoding = 4; lastKnownFileType = sourcecode.c.h; path = SCTPersonalInfoViewController.h; sourceTree = "<group>"; };
		FCD5B7311829843900AD3D1F /* SCTPersonalInfoViewController.m */ = {isa = PBXFileReference; fileEncoding = 4; lastKnownFileType = sourcecode.c.objc; path = SCTPersonalInfoViewController.m; sourceTree = "<group>"; };
		FCFA3B0B180C98D800484DE4 /* Qrk.app */ = {isa = PBXFileReference; explicitFileType = wrapper.application; includeInIndex = 0; path = Qrk.app; sourceTree = BUILT_PRODUCTS_DIR; };
		FCFA3B0E180C98D800484DE4 /* Foundation.framework */ = {isa = PBXFileReference; lastKnownFileType = wrapper.framework; name = Foundation.framework; path = System/Library/Frameworks/Foundation.framework; sourceTree = SDKROOT; };
		FCFA3B10180C98D800484DE4 /* CoreGraphics.framework */ = {isa = PBXFileReference; lastKnownFileType = wrapper.framework; name = CoreGraphics.framework; path = System/Library/Frameworks/CoreGraphics.framework; sourceTree = SDKROOT; };
		FCFA3B12180C98D800484DE4 /* UIKit.framework */ = {isa = PBXFileReference; lastKnownFileType = wrapper.framework; name = UIKit.framework; path = System/Library/Frameworks/UIKit.framework; sourceTree = SDKROOT; };
		FCFA3B16180C98D800484DE4 /* Qrk-Info.plist */ = {isa = PBXFileReference; lastKnownFileType = text.plist.xml; path = "Qrk-Info.plist"; sourceTree = "<group>"; };
		FCFA3B18180C98D800484DE4 /* en */ = {isa = PBXFileReference; lastKnownFileType = text.plist.strings; name = en; path = en.lproj/InfoPlist.strings; sourceTree = "<group>"; };
		FCFA3B1A180C98D800484DE4 /* main.m */ = {isa = PBXFileReference; lastKnownFileType = sourcecode.c.objc; path = main.m; sourceTree = "<group>"; };
		FCFA3B1C180C98D800484DE4 /* Qrk-Prefix.pch */ = {isa = PBXFileReference; lastKnownFileType = sourcecode.c.h; path = "Qrk-Prefix.pch"; sourceTree = "<group>"; };
		FCFA3B1D180C98D800484DE4 /* SCTAppDelegate.h */ = {isa = PBXFileReference; lastKnownFileType = sourcecode.c.h; path = SCTAppDelegate.h; sourceTree = "<group>"; };
		FCFA3B1E180C98D800484DE4 /* SCTAppDelegate.m */ = {isa = PBXFileReference; lastKnownFileType = sourcecode.c.objc; path = SCTAppDelegate.m; sourceTree = "<group>"; };
		FCFA3B21180C98D800484DE4 /* Base */ = {isa = PBXFileReference; lastKnownFileType = file.storyboard; name = Base; path = Base.lproj/Main.storyboard; sourceTree = "<group>"; };
		FCFA3B26180C98D800484DE4 /* Images.xcassets */ = {isa = PBXFileReference; lastKnownFileType = folder.assetcatalog; path = Images.xcassets; sourceTree = "<group>"; };
		FCFA3B2C180C98D800484DE4 /* QrkTests.xctest */ = {isa = PBXFileReference; explicitFileType = wrapper.cfbundle; includeInIndex = 0; path = QrkTests.xctest; sourceTree = BUILT_PRODUCTS_DIR; };
		FCFA3B2D180C98D800484DE4 /* XCTest.framework */ = {isa = PBXFileReference; lastKnownFileType = wrapper.framework; name = XCTest.framework; path = Library/Frameworks/XCTest.framework; sourceTree = DEVELOPER_DIR; };
		FCFA3B35180C98D900484DE4 /* QrkTests-Info.plist */ = {isa = PBXFileReference; lastKnownFileType = text.plist.xml; path = "QrkTests-Info.plist"; sourceTree = "<group>"; };
		FCFA3B37180C98D900484DE4 /* en */ = {isa = PBXFileReference; lastKnownFileType = text.plist.strings; name = en; path = en.lproj/InfoPlist.strings; sourceTree = "<group>"; };
		FCFA3B39180C98D900484DE4 /* QrkTests.m */ = {isa = PBXFileReference; lastKnownFileType = sourcecode.c.objc; path = QrkTests.m; sourceTree = "<group>"; };
		FCFA3B7C180C9A4400484DE4 /* AddressBook.framework */ = {isa = PBXFileReference; lastKnownFileType = wrapper.framework; name = AddressBook.framework; path = System/Library/Frameworks/AddressBook.framework; sourceTree = SDKROOT; };
		FCFA3B7D180C9A4400484DE4 /* AddressBookUI.framework */ = {isa = PBXFileReference; lastKnownFileType = wrapper.framework; name = AddressBookUI.framework; path = System/Library/Frameworks/AddressBookUI.framework; sourceTree = SDKROOT; };
		FCFA3B7E180C9A4400484DE4 /* CoreLocation.framework */ = {isa = PBXFileReference; lastKnownFileType = wrapper.framework; name = CoreLocation.framework; path = System/Library/Frameworks/CoreLocation.framework; sourceTree = SDKROOT; };
		FCFA3B7F180C9A4400484DE4 /* CoreText.framework */ = {isa = PBXFileReference; lastKnownFileType = wrapper.framework; name = CoreText.framework; path = System/Library/Frameworks/CoreText.framework; sourceTree = SDKROOT; };
		FCFA3B80180C9A4400484DE4 /* QuartzCore.framework */ = {isa = PBXFileReference; lastKnownFileType = wrapper.framework; name = QuartzCore.framework; path = System/Library/Frameworks/QuartzCore.framework; sourceTree = SDKROOT; };
		FCFA3B81180C9A4400484DE4 /* Security.framework */ = {isa = PBXFileReference; lastKnownFileType = wrapper.framework; name = Security.framework; path = System/Library/Frameworks/Security.framework; sourceTree = SDKROOT; };
/* End PBXFileReference section */

/* Begin PBXFrameworksBuildPhase section */
		FCFA3B08180C98D800484DE4 /* Frameworks */ = {
			isa = PBXFrameworksBuildPhase;
			buildActionMask = 2147483647;
			files = (
				FC50367B182AAFDB0022D187 /* SystemConfiguration.framework in Frameworks */,
				FCA30568180CA3ED001C5EE8 /* AVFoundation.framework in Frameworks */,
				FCFA3B82180C9A4400484DE4 /* AddressBook.framework in Frameworks */,
				FCFA3B83180C9A4400484DE4 /* AddressBookUI.framework in Frameworks */,
				FCFA3B84180C9A4400484DE4 /* CoreLocation.framework in Frameworks */,
				FCFA3B85180C9A4400484DE4 /* CoreText.framework in Frameworks */,
				FCFA3B86180C9A4400484DE4 /* QuartzCore.framework in Frameworks */,
				FCFA3B87180C9A4400484DE4 /* Security.framework in Frameworks */,
				FCFA3B11180C98D800484DE4 /* CoreGraphics.framework in Frameworks */,
				FCFA3B13180C98D800484DE4 /* UIKit.framework in Frameworks */,
				FCFA3B0F180C98D800484DE4 /* Foundation.framework in Frameworks */,
				00B140AFDEA74C5982DA4003 /* libPods.a in Frameworks */,
			);
			runOnlyForDeploymentPostprocessing = 0;
		};
		FCFA3B29180C98D800484DE4 /* Frameworks */ = {
			isa = PBXFrameworksBuildPhase;
			buildActionMask = 2147483647;
			files = (
				FCFA3B2E180C98D800484DE4 /* XCTest.framework in Frameworks */,
				FCFA3B30180C98D900484DE4 /* UIKit.framework in Frameworks */,
				FCFA3B2F180C98D800484DE4 /* Foundation.framework in Frameworks */,
			);
			runOnlyForDeploymentPostprocessing = 0;
		};
/* End PBXFrameworksBuildPhase section */

/* Begin PBXGroup section */
		FC23D2E11814431200C23DEE /* Images */ = {
			isa = PBXGroup;
			children = (
				FC96A496182EB11A0038A5DE /* quark_up_banner.png */,
				FC23D2E2181443BF00C23DEE /* QUP_icon.png */,
				FCA305B1181037FF001C5EE8 /* jorisd.png */,
				FC23D2DB181442F600C23DEE /* quark_up.png */,
				FCA3059B180F13DF001C5EE8 /* QUP.png */,
				FC23D2E41814444F00C23DEE /* quark_up_launch.png */,
			);
			name = Images;
			sourceTree = "<group>";
		};
		FC2C8C88182990D200AAC62D /* Settings and more */ = {
			isa = PBXGroup;
			children = (
				FCD5B7301829843900AD3D1F /* SCTPersonalInfoViewController.h */,
				FCD5B7311829843900AD3D1F /* SCTPersonalInfoViewController.m */,
			);
			name = "Settings and more";
			sourceTree = "<group>";
		};
		FC96A48A182D33580038A5DE /* Support Files */ = {
			isa = PBXGroup;
			children = (
				FC96A486182D33580038A5DE /* Pods-SWTableViewCell.xcconfig */,
				FC96A487182D33580038A5DE /* Pods-SWTableViewCell-Private.xcconfig */,
				FC96A488182D33580038A5DE /* Pods-SWTableViewCell-dummy.m */,
				FC96A489182D33580038A5DE /* Pods-SWTableViewCell-prefix.pch */,
			);
			name = "Support Files";
			path = ..;
			sourceTree = "<group>";
		};
		FC96A48B182D33580038A5DE /* SWTableViewCell */ = {
			isa = PBXGroup;
			children = (
				FC96A484182D33580038A5DE /* SWTableViewCell.h */,
				FC96A485182D33580038A5DE /* SWTableViewCell.m */,
				FC96A48A182D33580038A5DE /* Support Files */,
			);
			name = SWTableViewCell;
			path = ../Pods/SWTableViewCell;
			sourceTree = "<group>";
		};
		FC96A495182EA5F50038A5DE /* Submission */ = {
			isa = PBXGroup;
			children = (
				FC96A492182D89C10038A5DE /* SCTSubmissionViewController.h */,
				FC96A493182D89C10038A5DE /* SCTSubmissionViewController.m */,
			);
			name = Submission;
			sourceTree = "<group>";
		};
		FCA3056F180DDC07001C5EE8 /* Buttons */ = {
			isa = PBXGroup;
			children = (
				FC2C8C581829908900AAC62D /* add-image.png */,
				FC2C8C591829908900AAC62D /* add-image@2x.png */,
				FC2C8C5A1829908900AAC62D /* appstore.png */,
				FC2C8C5B1829908900AAC62D /* appstore@2x.png */,
				FC2C8C5C1829908A00AAC62D /* cancel_dark.png */,
				FC2C8C5D1829908A00AAC62D /* cancel_dark@2x.png */,
				FC2C8C5E1829908A00AAC62D /* cancel.png */,
				FC2C8C5F1829908A00AAC62D /* cancel@2x.png */,
				FC2C8C601829908A00AAC62D /* cancelUpload.png */,
				FC2C8C611829908A00AAC62D /* cancelUpload@2x.png */,
				FC2C8C621829908A00AAC62D /* close.png */,
				FC2C8C631829908A00AAC62D /* close@2x.png */,
				FC2C8C641829908A00AAC62D /* cloud.png */,
				FC2C8C651829908A00AAC62D /* cloud@2x.png */,
				FC2C8C661829908A00AAC62D /* connecttosc.png */,
				FC2C8C671829908A00AAC62D /* connecttosc@2x.png */,
				FC2C8C681829908A00AAC62D /* continue.png */,
				FC2C8C691829908A00AAC62D /* continue@2x.png */,
				FC2C8C6A1829908A00AAC62D /* darkTexturedBackgroundPattern.png */,
				FC2C8C6B1829908A00AAC62D /* darkTexturedBackgroundPattern@2x.png */,
				FC2C8C6C1829908A00AAC62D /* default-avatar.png */,
				FC2C8C6D1829908A00AAC62D /* default-avatar@2x.png */,
				FC2C8C6E1829908A00AAC62D /* DisclosureIndicator.png */,
				FC2C8C6F1829908A00AAC62D /* DisclosureIndicator@2x.png */,
				FC2C8C021829907D00AAC62D /* facebook.png */,
				FC2C8C031829907D00AAC62D /* facebook@2x.png */,
				FC2C8C041829907D00AAC62D /* fail.png */,
				FC2C8C051829907D00AAC62D /* fail@2x.png */,
				FC2C8C061829907D00AAC62D /* input.png */,
				FC2C8C071829907E00AAC62D /* input@2x.png */,
				FC2C8C081829907E00AAC62D /* ipad.png */,
				FC2C8C091829907E00AAC62D /* iphone.png */,
				FC2C8C0A1829907E00AAC62D /* iphone@2x.png */,
				FC2C8C0B1829907E00AAC62D /* mailInputBackground.png */,
				FC2C8C0C1829907E00AAC62D /* open-bg.png */,
				FC2C8C0D1829907E00AAC62D /* open-bg@2x.png */,
				FC2C8C0E1829907E00AAC62D /* orange_header_logo.png */,
				FC2C8C0F1829907E00AAC62D /* orange_header_logo@2x.png */,
				FC2C8C101829907E00AAC62D /* reload.png */,
				FC2C8C111829907E00AAC62D /* reload@2x.png */,
				FC2C8C121829907E00AAC62D /* retry_pressed.png */,
				FC2C8C131829907E00AAC62D /* retry_pressed@2x.png */,
				FC2C8C141829907E00AAC62D /* retry.png */,
				FC2C8C151829907E00AAC62D /* retry@2x.png */,
				FC2C8C161829907E00AAC62D /* service_facebook_page.png */,
				FC2C8C171829907E00AAC62D /* service_facebook_page@2x.png */,
				FC2C8C181829907E00AAC62D /* service_facebook_profile.png */,
				FC2C8C191829907E00AAC62D /* service_facebook_profile@2x.png */,
				FC2C8C1A1829907E00AAC62D /* service_foursquare.png */,
				FC2C8C1B1829907E00AAC62D /* service_foursquare@2x.png */,
				FC2C8C1C1829907E00AAC62D /* service_myspace.png */,
				FC2C8C1D1829907E00AAC62D /* service_myspace@2x.png */,
				FC2C8C1E1829907E00AAC62D /* service_tumblr.png */,
				FC2C8C1F1829907E00AAC62D /* service_tumblr@2x.png */,
				FC2C8C201829907E00AAC62D /* service_twitter.png */,
				FC2C8C211829907E00AAC62D /* service_twitter@2x.png */,
				FC2C8C221829907E00AAC62D /* sharetosc.png */,
				FC2C8C231829907E00AAC62D /* sharetosc@2x.png */,
				FC2C8C241829907E00AAC62D /* success.png */,
				FC2C8C251829907E00AAC62D /* success@2x.png */,
				FC2C8C261829907E00AAC62D /* switch_blue.png */,
				FC2C8C271829907E00AAC62D /* switch_filter.png */,
				FC2C8C281829907E00AAC62D /* switch_gray.png */,
				FC2C8C291829907E00AAC62D /* switch_mask.png */,
				FC2C8C2A1829907E00AAC62D /* switch_orange.png */,
				FC2C8C2B1829907E00AAC62D /* switch_slider-down.png */,
				FC2C8C2C1829907E00AAC62D /* switch_slider.png */,
				FCA30590180DDD11001C5EE8 /* 124-bullhorn.png */,
				FCA30594180DDD51001C5EE8 /* 194-note-2.png */,
				FCA3058E180DDCF7001C5EE8 /* 120-headphones.png */,
				FCA30592180DDD30001C5EE8 /* 145-persondot.png */,
				FCA3058A180DDCE9001C5EE8 /* 111-user.png */,
				FCA3058B180DDCE9001C5EE8 /* 112-group.png */,
				FCA30588180DDCD9001C5EE8 /* 106-sliders.png */,
				FCA30586180DDCBF001C5EE8 /* 78-stopwatch.png */,
				FCA30584180DDCB7001C5EE8 /* 77-ekg.png */,
				FCA30582180DDC97001C5EE8 /* 58-bookmark.png */,
				FCA3057E180DDC70001C5EE8 /* 28-star.png */,
				FCA3057F180DDC70001C5EE8 /* 29-heart.png */,
				FCA3057A180DDC5C001C5EE8 /* 18-envelope.png */,
				FCA3057B180DDC5C001C5EE8 /* 19-gear.png */,
				FCA30570180DDC3F001C5EE8 /* 06-magnify.png */,
				FCA30571180DDC3F001C5EE8 /* 07-map-marker.png */,
				FCA30572180DDC3F001C5EE8 /* 08-chat.png */,
				FCA30573180DDC3F001C5EE8 /* 11-clock.png */,
				FCA30574180DDC3F001C5EE8 /* 12-eye.png */,
				FCA3056D180DDBFE001C5EE8 /* 05-shuffle.png */,
				FCA3056B180DDBE5001C5EE8 /* 14-tag.png */,
			);
			name = Buttons;
			sourceTree = "<group>";
		};
		FCD5B735182985F500AD3D1F /* Tracks */ = {
			isa = PBXGroup;
			children = (
				FC96A48B182D33580038A5DE /* SWTableViewCell */,
				FCD5B7361829860400AD3D1F /* Cell */,
				FCD5B7371829860C00AD3D1F /* ViewController */,
			);
			name = Tracks;
			sourceTree = "<group>";
		};
		FCD5B7361829860400AD3D1F /* Cell */ = {
			isa = PBXGroup;
			children = (
				FCA30596180DE0B0001C5EE8 /* SCTTrackCell.h */,
				FCA30597180DE0B0001C5EE8 /* SCTTrackCell.m */,
				FCA30569180DA9F9001C5EE8 /* SCTTrackCell.xib */,
			);
			name = Cell;
			sourceTree = "<group>";
		};
		FCD5B7371829860C00AD3D1F /* ViewController */ = {
			isa = PBXGroup;
			children = (
				FCA30562180C9C2D001C5EE8 /* SCTTrackListViewController.h */,
				FCA30563180C9C2D001C5EE8 /* SCTTrackListViewController.m */,
				FCA30564180C9C2D001C5EE8 /* SCTTrackListViewController.xib */,
			);
			name = ViewController;
			sourceTree = "<group>";
		};
		FCD5B7381829862500AD3D1F /* Tumblr Feed */ = {
			isa = PBXGroup;
			children = (
				FCD5B7391829864C00AD3D1F /* String Operations */,
				FCD5B73A1829865700AD3D1F /* ViewController */,
				FCD5B73B1829865F00AD3D1F /* Cell */,
			);
			name = "Tumblr Feed";
			sourceTree = "<group>";
		};
		FCD5B7391829864C00AD3D1F /* String Operations */ = {
			isa = PBXGroup;
			children = (
				FCD5B72D1829357500AD3D1F /* NSString+HTML.h */,
				FCD5B72E1829357500AD3D1F /* NSString+HTML.m */,
			);
			name = "String Operations";
			sourceTree = "<group>";
		};
		FCD5B73A1829865700AD3D1F /* ViewController */ = {
			isa = PBXGroup;
			children = (
				FCA305A6181004B6001C5EE8 /* SCTFeedViewController.h */,
				FCA305A7181004B6001C5EE8 /* SCTFeedViewController.m */,
			);
			name = ViewController;
			sourceTree = "<group>";
		};
		FCD5B73B1829865F00AD3D1F /* Cell */ = {
			isa = PBXGroup;
			children = (
				FCA305A3181000FD001C5EE8 /* SCTViewCell.h */,
				FCA305A4181000FD001C5EE8 /* SCTViewCell.m */,
				FCA305A1181000EE001C5EE8 /* SCTViewCell.xib */,
			);
			name = Cell;
			sourceTree = "<group>";
		};
		FCD5B73C1829867E00AD3D1F /* AppDelegate */ = {
			isa = PBXGroup;
			children = (
				FCFA3B1D180C98D800484DE4 /* SCTAppDelegate.h */,
				FCFA3B1E180C98D800484DE4 /* SCTAppDelegate.m */,
			);
			name = AppDelegate;
			sourceTree = "<group>";
		};
		FCFA3B02180C98D800484DE4 = {
			isa = PBXGroup;
			children = (
				FCFA3B14180C98D800484DE4 /* Qrk */,
				FCFA3B33180C98D900484DE4 /* QrkTests */,
				FCFA3B0D180C98D800484DE4 /* Frameworks */,
				FCFA3B0C180C98D800484DE4 /* Products */,
				DD2DB17C79AD4BBE8C326A2B /* Pods.xcconfig */,
			);
			sourceTree = "<group>";
		};
		FCFA3B0C180C98D800484DE4 /* Products */ = {
			isa = PBXGroup;
			children = (
				FCFA3B0B180C98D800484DE4 /* Qrk.app */,
				FCFA3B2C180C98D800484DE4 /* QrkTests.xctest */,
			);
			name = Products;
			sourceTree = "<group>";
		};
		FCFA3B0D180C98D800484DE4 /* Frameworks */ = {
			isa = PBXGroup;
			children = (
				FC50367A182AAFDB0022D187 /* SystemConfiguration.framework */,
				FCA30567180CA3ED001C5EE8 /* AVFoundation.framework */,
				FCFA3B7C180C9A4400484DE4 /* AddressBook.framework */,
				FCFA3B7D180C9A4400484DE4 /* AddressBookUI.framework */,
				FCFA3B7E180C9A4400484DE4 /* CoreLocation.framework */,
				FCFA3B7F180C9A4400484DE4 /* CoreText.framework */,
				FCFA3B80180C9A4400484DE4 /* QuartzCore.framework */,
				FCFA3B81180C9A4400484DE4 /* Security.framework */,
				FCFA3B0E180C98D800484DE4 /* Foundation.framework */,
				FCFA3B10180C98D800484DE4 /* CoreGraphics.framework */,
				FCFA3B12180C98D800484DE4 /* UIKit.framework */,
				FCFA3B2D180C98D800484DE4 /* XCTest.framework */,
				885CEE6E5C85475082B3F0D0 /* libPods.a */,
			);
			name = Frameworks;
			sourceTree = "<group>";
		};
		FCFA3B14180C98D800484DE4 /* Qrk */ = {
			isa = PBXGroup;
			children = (
				FC503677182AAFB10022D187 /* Reachability.h */,
				FC503678182AAFB10022D187 /* Reachability.m */,
				FCA30560180C9AC3001C5EE8 /* SoundCloud.bundle */,
				FCFA3B20180C98D800484DE4 /* Main.storyboard */,
				FC96A495182EA5F50038A5DE /* Submission */,
				FCD5B73C1829867E00AD3D1F /* AppDelegate */,
				FCD5B7381829862500AD3D1F /* Tumblr Feed */,
				FC2C8C88182990D200AAC62D /* Settings and more */,
				FCD5B735182985F500AD3D1F /* Tracks */,
				FC23D2E11814431200C23DEE /* Images */,
				FCA3056F180DDC07001C5EE8 /* Buttons */,
				FCFA3B26180C98D800484DE4 /* Images.xcassets */,
				FCFA3B15180C98D800484DE4 /* Supporting Files */,
			);
			path = Qrk;
			sourceTree = "<group>";
		};
		FCFA3B15180C98D800484DE4 /* Supporting Files */ = {
			isa = PBXGroup;
			children = (
				FCFA3B16180C98D800484DE4 /* Qrk-Info.plist */,
				FCFA3B17180C98D800484DE4 /* InfoPlist.strings */,
				FCFA3B1A180C98D800484DE4 /* main.m */,
				FCFA3B1C180C98D800484DE4 /* Qrk-Prefix.pch */,
			);
			name = "Supporting Files";
			sourceTree = "<group>";
		};
		FCFA3B33180C98D900484DE4 /* QrkTests */ = {
			isa = PBXGroup;
			children = (
				FCFA3B39180C98D900484DE4 /* QrkTests.m */,
				FCFA3B34180C98D900484DE4 /* Supporting Files */,
			);
			path = QrkTests;
			sourceTree = "<group>";
		};
		FCFA3B34180C98D900484DE4 /* Supporting Files */ = {
			isa = PBXGroup;
			children = (
				FCFA3B35180C98D900484DE4 /* QrkTests-Info.plist */,
				FCFA3B36180C98D900484DE4 /* InfoPlist.strings */,
			);
			name = "Supporting Files";
			sourceTree = "<group>";
		};
/* End PBXGroup section */

/* Begin PBXNativeTarget section */
		FCFA3B0A180C98D800484DE4 /* Qrk */ = {
			isa = PBXNativeTarget;
			buildConfigurationList = FCFA3B3D180C98D900484DE4 /* Build configuration list for PBXNativeTarget "Qrk" */;
			buildPhases = (
				4A598242199E4F8392492EF0 /* Check Pods Manifest.lock */,
				FCFA3B07180C98D800484DE4 /* Sources */,
				FCFA3B08180C98D800484DE4 /* Frameworks */,
				FCFA3B09180C98D800484DE4 /* Resources */,
				AA61798CD3D4411FBCAC4AC9 /* Copy Pods Resources */,
			);
			buildRules = (
			);
			dependencies = (
			);
			name = Qrk;
			productName = Qrk;
			productReference = FCFA3B0B180C98D800484DE4 /* Qrk.app */;
			productType = "com.apple.product-type.application";
		};
		FCFA3B2B180C98D800484DE4 /* QrkTests */ = {
			isa = PBXNativeTarget;
			buildConfigurationList = FCFA3B40180C98D900484DE4 /* Build configuration list for PBXNativeTarget "QrkTests" */;
			buildPhases = (
				FCFA3B28180C98D800484DE4 /* Sources */,
				FCFA3B29180C98D800484DE4 /* Frameworks */,
				FCFA3B2A180C98D800484DE4 /* Resources */,
			);
			buildRules = (
			);
			dependencies = (
				FCFA3B32180C98D900484DE4 /* PBXTargetDependency */,
			);
			name = QrkTests;
			productName = QrkTests;
			productReference = FCFA3B2C180C98D800484DE4 /* QrkTests.xctest */;
			productType = "com.apple.product-type.bundle.unit-test";
		};
/* End PBXNativeTarget section */

/* Begin PBXProject section */
		FCFA3B03180C98D800484DE4 /* Project object */ = {
			isa = PBXProject;
			attributes = {
				CLASSPREFIX = SCT;
				LastUpgradeCheck = 0500;
				ORGANIZATIONNAME = "Dylan Bourgeois";
				TargetAttributes = {
					FCFA3B2B180C98D800484DE4 = {
						TestTargetID = FCFA3B0A180C98D800484DE4;
					};
				};
			};
			buildConfigurationList = FCFA3B06180C98D800484DE4 /* Build configuration list for PBXProject "Qrk" */;
			compatibilityVersion = "Xcode 3.2";
			developmentRegion = English;
			hasScannedForEncodings = 0;
			knownRegions = (
				en,
				Base,
			);
			mainGroup = FCFA3B02180C98D800484DE4;
			productRefGroup = FCFA3B0C180C98D800484DE4 /* Products */;
			projectDirPath = "";
			projectRoot = "";
			targets = (
				FCFA3B0A180C98D800484DE4 /* Qrk */,
				FCFA3B2B180C98D800484DE4 /* QrkTests */,
			);
		};
/* End PBXProject section */

/* Begin PBXResourcesBuildPhase section */
		FCFA3B09180C98D800484DE4 /* Resources */ = {
			isa = PBXResourcesBuildPhase;
			buildActionMask = 2147483647;
			files = (
				FCA3056E180DDBFE001C5EE8 /* 05-shuffle.png in Resources */,
				FC2C8C331829907E00AAC62D /* ipad.png in Resources */,
				FC2C8C781829908A00AAC62D /* cancelUpload.png in Resources */,
				FC2C8C3F1829907E00AAC62D /* retry.png in Resources */,
				FC2C8C491829907E00AAC62D /* service_tumblr.png in Resources */,
				FC96A491182D33580038A5DE /* Pods-SWTableViewCell-prefix.pch in Resources */,
				FC2C8C7C1829908A00AAC62D /* cloud.png in Resources */,
				FC2C8C571829907E00AAC62D /* switch_slider.png in Resources */,
				FC2C8C7A1829908A00AAC62D /* close.png in Resources */,
				FCA30595180DDD51001C5EE8 /* 194-note-2.png in Resources */,
				FCA30593180DDD30001C5EE8 /* 145-persondot.png in Resources */,
				FC2C8C3B1829907E00AAC62D /* reload.png in Resources */,
				FC2C8C341829907E00AAC62D /* iphone.png in Resources */,
				FC2C8C3E1829907E00AAC62D /* retry_pressed@2x.png in Resources */,
				FC2C8C4E1829907E00AAC62D /* sharetosc@2x.png in Resources */,
				FCA30577180DDC3F001C5EE8 /* 08-chat.png in Resources */,
				FCFA3B27180C98D800484DE4 /* Images.xcassets in Resources */,
				FC2C8C391829907E00AAC62D /* orange_header_logo.png in Resources */,
				FC2C8C701829908A00AAC62D /* add-image.png in Resources */,
				FC2C8C2D1829907E00AAC62D /* facebook.png in Resources */,
				FC2C8C721829908A00AAC62D /* appstore.png in Resources */,
				FC2C8C7E1829908A00AAC62D /* connecttosc.png in Resources */,
				FCA30579180DDC3F001C5EE8 /* 12-eye.png in Resources */,
				FC2C8C551829907E00AAC62D /* switch_orange.png in Resources */,
				FC2C8C3A1829907E00AAC62D /* orange_header_logo@2x.png in Resources */,
				FCA30566180C9C2D001C5EE8 /* SCTTrackListViewController.xib in Resources */,
				FCA30585180DDCB7001C5EE8 /* 77-ekg.png in Resources */,
				FCA3056A180DA9F9001C5EE8 /* SCTTrackCell.xib in Resources */,
				FC2C8C4D1829907E00AAC62D /* sharetosc.png in Resources */,
				FC2C8C791829908A00AAC62D /* cancelUpload@2x.png in Resources */,
				FC2C8C321829907E00AAC62D /* input@2x.png in Resources */,
				FC2C8C711829908A00AAC62D /* add-image@2x.png in Resources */,
				FC2C8C441829907E00AAC62D /* service_facebook_profile@2x.png in Resources */,
				FC2C8C4C1829907E00AAC62D /* service_twitter@2x.png in Resources */,
				FC2C8C511829907E00AAC62D /* switch_blue.png in Resources */,
				FCA305B2181037FF001C5EE8 /* jorisd.png in Resources */,
				FC2C8C451829907E00AAC62D /* service_foursquare.png in Resources */,
				FC2C8C2F1829907E00AAC62D /* fail.png in Resources */,
				FC23D2E51814444F00C23DEE /* quark_up_launch.png in Resources */,
				FCA3056C180DDBE5001C5EE8 /* 14-tag.png in Resources */,
				FC2C8C751829908A00AAC62D /* cancel_dark@2x.png in Resources */,
				FC96A490182D33580038A5DE /* Pods-SWTableViewCell-dummy.m in Resources */,
				FCA3058C180DDCE9001C5EE8 /* 111-user.png in Resources */,
				FC23D2DC181442F600C23DEE /* quark_up.png in Resources */,
				FCA30587180DDCBF001C5EE8 /* 78-stopwatch.png in Resources */,
				FC96A497182EB11A0038A5DE /* quark_up_banner.png in Resources */,
				FCA3059C180F13DF001C5EE8 /* QUP.png in Resources */,
				FC2C8C821829908A00AAC62D /* darkTexturedBackgroundPattern.png in Resources */,
				FC2C8C871829908A00AAC62D /* DisclosureIndicator@2x.png in Resources */,
				FC2C8C521829907E00AAC62D /* switch_filter.png in Resources */,
				FC2C8C771829908A00AAC62D /* cancel@2x.png in Resources */,
				FC2C8C471829907E00AAC62D /* service_myspace.png in Resources */,
				FC2C8C301829907E00AAC62D /* fail@2x.png in Resources */,
				FCA30561180C9AC3001C5EE8 /* SoundCloud.bundle in Resources */,
				FC2C8C741829908A00AAC62D /* cancel_dark.png in Resources */,
				FC2C8C351829907E00AAC62D /* iphone@2x.png in Resources */,
				FC96A48C182D33580038A5DE /* SWTableViewCell.h in Resources */,
				FCA30575180DDC3F001C5EE8 /* 06-magnify.png in Resources */,
				FCA3058F180DDCF7001C5EE8 /* 120-headphones.png in Resources */,
				FCA30576180DDC3F001C5EE8 /* 07-map-marker.png in Resources */,
				FC2C8C4F1829907E00AAC62D /* success.png in Resources */,
				FCA3057C180DDC5C001C5EE8 /* 18-envelope.png in Resources */,
				FC2C8C381829907E00AAC62D /* open-bg@2x.png in Resources */,
				FCFA3B19180C98D800484DE4 /* InfoPlist.strings in Resources */,
				FC2C8C401829907E00AAC62D /* retry@2x.png in Resources */,
				FC2C8C561829907E00AAC62D /* switch_slider-down.png in Resources */,
				FC2C8C531829907E00AAC62D /* switch_gray.png in Resources */,
				FC2C8C3C1829907E00AAC62D /* reload@2x.png in Resources */,
				FC2C8C4B1829907E00AAC62D /* service_twitter.png in Resources */,
				FC2C8C461829907E00AAC62D /* service_foursquare@2x.png in Resources */,
				FCA30591180DDD11001C5EE8 /* 124-bullhorn.png in Resources */,
				FC2C8C861829908A00AAC62D /* DisclosureIndicator.png in Resources */,
				FCA305A2181000EE001C5EE8 /* SCTViewCell.xib in Resources */,
				FC2C8C731829908A00AAC62D /* appstore@2x.png in Resources */,
				FCA3057D180DDC5C001C5EE8 /* 19-gear.png in Resources */,
				FC2C8C841829908A00AAC62D /* default-avatar.png in Resources */,
				FC2C8C421829907E00AAC62D /* service_facebook_page@2x.png in Resources */,
				FC2C8C4A1829907E00AAC62D /* service_tumblr@2x.png in Resources */,
				FC2C8C431829907E00AAC62D /* service_facebook_profile.png in Resources */,
				FC96A48F182D33580038A5DE /* Pods-SWTableViewCell-Private.xcconfig in Resources */,
				FC2C8C541829907E00AAC62D /* switch_mask.png in Resources */,
				FC96A48D182D33580038A5DE /* SWTableViewCell.m in Resources */,
				FCA30578180DDC3F001C5EE8 /* 11-clock.png in Resources */,
				FCA30589180DDCD9001C5EE8 /* 106-sliders.png in Resources */,
				FCA30581180DDC70001C5EE8 /* 29-heart.png in Resources */,
				FC2C8C7D1829908A00AAC62D /* cloud@2x.png in Resources */,
				FC2C8C801829908A00AAC62D /* continue.png in Resources */,
				FCFA3B22180C98D800484DE4 /* Main.storyboard in Resources */,
				FC2C8C311829907E00AAC62D /* input.png in Resources */,
				FC2C8C2E1829907E00AAC62D /* facebook@2x.png in Resources */,
				FC96A48E182D33580038A5DE /* Pods-SWTableViewCell.xcconfig in Resources */,
				FCA30583180DDC97001C5EE8 /* 58-bookmark.png in Resources */,
				FC2C8C481829907E00AAC62D /* service_myspace@2x.png in Resources */,
				FC23D2E3181443BF00C23DEE /* QUP_icon.png in Resources */,
				FC2C8C7F1829908A00AAC62D /* connecttosc@2x.png in Resources */,
				FC2C8C361829907E00AAC62D /* mailInputBackground.png in Resources */,
				FC2C8C831829908A00AAC62D /* darkTexturedBackgroundPattern@2x.png in Resources */,
				FCA30580180DDC70001C5EE8 /* 28-star.png in Resources */,
				FC2C8C371829907E00AAC62D /* open-bg.png in Resources */,
				FC2C8C811829908A00AAC62D /* continue@2x.png in Resources */,
				FCA3058D180DDCE9001C5EE8 /* 112-group.png in Resources */,
				FC2C8C411829907E00AAC62D /* service_facebook_page.png in Resources */,
				FC2C8C3D1829907E00AAC62D /* retry_pressed.png in Resources */,
				FC2C8C761829908A00AAC62D /* cancel.png in Resources */,
				FC2C8C501829907E00AAC62D /* success@2x.png in Resources */,
				FC2C8C7B1829908A00AAC62D /* close@2x.png in Resources */,
				FC2C8C851829908A00AAC62D /* default-avatar@2x.png in Resources */,
			);
			runOnlyForDeploymentPostprocessing = 0;
		};
		FCFA3B2A180C98D800484DE4 /* Resources */ = {
			isa = PBXResourcesBuildPhase;
			buildActionMask = 2147483647;
			files = (
				FCFA3B38180C98D900484DE4 /* InfoPlist.strings in Resources */,
			);
			runOnlyForDeploymentPostprocessing = 0;
		};
/* End PBXResourcesBuildPhase section */

/* Begin PBXShellScriptBuildPhase section */
		4A598242199E4F8392492EF0 /* Check Pods Manifest.lock */ = {
			isa = PBXShellScriptBuildPhase;
			buildActionMask = 2147483647;
			files = (
			);
			inputPaths = (
			);
			name = "Check Pods Manifest.lock";
			outputPaths = (
			);
			runOnlyForDeploymentPostprocessing = 0;
			shellPath = /bin/sh;
			shellScript = "diff \"${PODS_ROOT}/../Podfile.lock\" \"${PODS_ROOT}/Manifest.lock\" > /dev/null\nif [[ $? != 0 ]] ; then\n    cat << EOM\nerror: The sandbox is not in sync with the Podfile.lock. Run 'pod install' or update your CocoaPods installation.\nEOM\n    exit 1\nfi\n";
			showEnvVarsInLog = 0;
		};
		AA61798CD3D4411FBCAC4AC9 /* Copy Pods Resources */ = {
			isa = PBXShellScriptBuildPhase;
			buildActionMask = 2147483647;
			files = (
			);
			inputPaths = (
			);
			name = "Copy Pods Resources";
			outputPaths = (
			);
			runOnlyForDeploymentPostprocessing = 0;
			shellPath = /bin/sh;
			shellScript = "\"${SRCROOT}/Pods/Pods-resources.sh\"\n";
			showEnvVarsInLog = 0;
		};
/* End PBXShellScriptBuildPhase section */

/* Begin PBXSourcesBuildPhase section */
		FCFA3B07180C98D800484DE4 /* Sources */ = {
			isa = PBXSourcesBuildPhase;
			buildActionMask = 2147483647;
			files = (
				FCFA3B1B180C98D800484DE4 /* main.m in Sources */,
				FCA305A8181004B6001C5EE8 /* SCTFeedViewController.m in Sources */,
				FCA30565180C9C2D001C5EE8 /* SCTTrackListViewController.m in Sources */,
				FC96A494182D89C10038A5DE /* SCTSubmissionViewController.m in Sources */,
				FCD5B72F1829357500AD3D1F /* NSString+HTML.m in Sources */,
				FCA305A5181000FD001C5EE8 /* SCTViewCell.m in Sources */,
				FCA30598180DE0B0001C5EE8 /* SCTTrackCell.m in Sources */,
				FCFA3B1F180C98D800484DE4 /* SCTAppDelegate.m in Sources */,
				FC503679182AAFB10022D187 /* Reachability.m in Sources */,
				FCD5B7331829843900AD3D1F /* SCTPersonalInfoViewController.m in Sources */,
			);
			runOnlyForDeploymentPostprocessing = 0;
		};
		FCFA3B28180C98D800484DE4 /* Sources */ = {
			isa = PBXSourcesBuildPhase;
			buildActionMask = 2147483647;
			files = (
				FCFA3B3A180C98D900484DE4 /* QrkTests.m in Sources */,
			);
			runOnlyForDeploymentPostprocessing = 0;
		};
/* End PBXSourcesBuildPhase section */

/* Begin PBXTargetDependency section */
		FCFA3B32180C98D900484DE4 /* PBXTargetDependency */ = {
			isa = PBXTargetDependency;
			target = FCFA3B0A180C98D800484DE4 /* Qrk */;
			targetProxy = FCFA3B31180C98D900484DE4 /* PBXContainerItemProxy */;
		};
/* End PBXTargetDependency section */

/* Begin PBXVariantGroup section */
		FCFA3B17180C98D800484DE4 /* InfoPlist.strings */ = {
			isa = PBXVariantGroup;
			children = (
				FCFA3B18180C98D800484DE4 /* en */,
			);
			name = InfoPlist.strings;
			sourceTree = "<group>";
		};
		FCFA3B20180C98D800484DE4 /* Main.storyboard */ = {
			isa = PBXVariantGroup;
			children = (
				FCFA3B21180C98D800484DE4 /* Base */,
			);
			name = Main.storyboard;
			sourceTree = "<group>";
		};
		FCFA3B36180C98D900484DE4 /* InfoPlist.strings */ = {
			isa = PBXVariantGroup;
			children = (
				FCFA3B37180C98D900484DE4 /* en */,
			);
			name = InfoPlist.strings;
			sourceTree = "<group>";
		};
/* End PBXVariantGroup section */

/* Begin XCBuildConfiguration section */
		FCFA3B3B180C98D900484DE4 /* Debug */ = {
			isa = XCBuildConfiguration;
			buildSettings = {
				ALWAYS_SEARCH_USER_PATHS = NO;
				ARCHS = "$(ARCHS_STANDARD_INCLUDING_64_BIT)";
				CLANG_CXX_LANGUAGE_STANDARD = "gnu++0x";
				CLANG_CXX_LIBRARY = "libc++";
				CLANG_ENABLE_MODULES = YES;
				CLANG_ENABLE_OBJC_ARC = YES;
				CLANG_WARN_BOOL_CONVERSION = YES;
				CLANG_WARN_CONSTANT_CONVERSION = YES;
				CLANG_WARN_DIRECT_OBJC_ISA_USAGE = YES_ERROR;
				CLANG_WARN_EMPTY_BODY = YES;
				CLANG_WARN_ENUM_CONVERSION = YES;
				CLANG_WARN_INT_CONVERSION = YES;
				CLANG_WARN_OBJC_ROOT_CLASS = YES_ERROR;
				CLANG_WARN__DUPLICATE_METHOD_MATCH = YES;
				"CODE_SIGN_IDENTITY[sdk=iphoneos*]" = "iPhone Developer";
				COPY_PHASE_STRIP = NO;
				GCC_C_LANGUAGE_STANDARD = gnu99;
				GCC_DYNAMIC_NO_PIC = NO;
				GCC_OPTIMIZATION_LEVEL = 0;
				GCC_PREPROCESSOR_DEFINITIONS = (
					"DEBUG=1",
					"$(inherited)",
				);
				GCC_SYMBOLS_PRIVATE_EXTERN = NO;
				GCC_WARN_64_TO_32_BIT_CONVERSION = YES;
				GCC_WARN_ABOUT_RETURN_TYPE = YES_ERROR;
				GCC_WARN_UNDECLARED_SELECTOR = YES;
				GCC_WARN_UNINITIALIZED_AUTOS = YES;
				GCC_WARN_UNUSED_FUNCTION = YES;
				GCC_WARN_UNUSED_VARIABLE = YES;
				IPHONEOS_DEPLOYMENT_TARGET = 7.0;
				ONLY_ACTIVE_ARCH = YES;
				SDKROOT = iphoneos;
			};
			name = Debug;
		};
		FCFA3B3C180C98D900484DE4 /* Release */ = {
			isa = XCBuildConfiguration;
			buildSettings = {
				ALWAYS_SEARCH_USER_PATHS = NO;
				ARCHS = "$(ARCHS_STANDARD_INCLUDING_64_BIT)";
				CLANG_CXX_LANGUAGE_STANDARD = "gnu++0x";
				CLANG_CXX_LIBRARY = "libc++";
				CLANG_ENABLE_MODULES = YES;
				CLANG_ENABLE_OBJC_ARC = YES;
				CLANG_WARN_BOOL_CONVERSION = YES;
				CLANG_WARN_CONSTANT_CONVERSION = YES;
				CLANG_WARN_DIRECT_OBJC_ISA_USAGE = YES_ERROR;
				CLANG_WARN_EMPTY_BODY = YES;
				CLANG_WARN_ENUM_CONVERSION = YES;
				CLANG_WARN_INT_CONVERSION = YES;
				CLANG_WARN_OBJC_ROOT_CLASS = YES_ERROR;
				CLANG_WARN__DUPLICATE_METHOD_MATCH = YES;
				"CODE_SIGN_IDENTITY[sdk=iphoneos*]" = "iPhone Developer";
				COPY_PHASE_STRIP = YES;
				ENABLE_NS_ASSERTIONS = NO;
				GCC_C_LANGUAGE_STANDARD = gnu99;
				GCC_WARN_64_TO_32_BIT_CONVERSION = YES;
				GCC_WARN_ABOUT_RETURN_TYPE = YES_ERROR;
				GCC_WARN_UNDECLARED_SELECTOR = YES;
				GCC_WARN_UNINITIALIZED_AUTOS = YES;
				GCC_WARN_UNUSED_FUNCTION = YES;
				GCC_WARN_UNUSED_VARIABLE = YES;
				IPHONEOS_DEPLOYMENT_TARGET = 7.0;
				SDKROOT = iphoneos;
				VALIDATE_PRODUCT = YES;
			};
			name = Release;
		};
		FCFA3B3E180C98D900484DE4 /* Debug */ = {
			isa = XCBuildConfiguration;
			baseConfigurationReference = DD2DB17C79AD4BBE8C326A2B /* Pods.xcconfig */;
			buildSettings = {
				ASSETCATALOG_COMPILER_APPICON_NAME = AppIcon;
				ASSETCATALOG_COMPILER_LAUNCHIMAGE_NAME = LaunchImage;
				GCC_PRECOMPILE_PREFIX_HEADER = YES;
				GCC_PREFIX_HEADER = "Qrk/Qrk-Prefix.pch";
				HEADER_SEARCH_PATHS = (
					"$(inherited)",
					/Applications/Xcode.app/Contents/Developer/Toolchains/XcodeDefault.xctoolchain/usr/include,
					"$PROJECT_DIR/**",
				);
				INFOPLIST_FILE = "Qrk/Qrk-Info.plist";
				IPHONEOS_DEPLOYMENT_TARGET = 7.0;
				OTHER_LDFLAGS = (
					"-ObjC",
					"-all_load",
				);
				PRODUCT_NAME = "$(TARGET_NAME)";
				TARGETED_DEVICE_FAMILY = 1;
				VALID_ARCHS = "arm64 armv7 armv7s";
				WRAPPER_EXTENSION = app;
			};
			name = Debug;
		};
		FCFA3B3F180C98D900484DE4 /* Release */ = {
			isa = XCBuildConfiguration;
			baseConfigurationReference = DD2DB17C79AD4BBE8C326A2B /* Pods.xcconfig */;
			buildSettings = {
				ASSETCATALOG_COMPILER_APPICON_NAME = AppIcon;
				ASSETCATALOG_COMPILER_LAUNCHIMAGE_NAME = LaunchImage;
				GCC_PRECOMPILE_PREFIX_HEADER = YES;
				GCC_PREFIX_HEADER = "Qrk/Qrk-Prefix.pch";
				HEADER_SEARCH_PATHS = (
					"$(inherited)",
					/Applications/Xcode.app/Contents/Developer/Toolchains/XcodeDefault.xctoolchain/usr/include,
					"$PROJECT_DIR/**",
				);
				INFOPLIST_FILE = "Qrk/Qrk-Info.plist";
				IPHONEOS_DEPLOYMENT_TARGET = 7.0;
				OTHER_LDFLAGS = (
					"-ObjC",
					"-all_load",
				);
				PRODUCT_NAME = "$(TARGET_NAME)";
				TARGETED_DEVICE_FAMILY = 1;
				VALID_ARCHS = "arm64 armv7 armv7s";
				WRAPPER_EXTENSION = app;
			};
			name = Release;
		};
		FCFA3B41180C98D900484DE4 /* Debug */ = {
			isa = XCBuildConfiguration;
			buildSettings = {
				ARCHS = "$(ARCHS_STANDARD_INCLUDING_64_BIT)";
				BUNDLE_LOADER = "$(BUILT_PRODUCTS_DIR)/Qrk.app/Qrk";
				FRAMEWORK_SEARCH_PATHS = (
					"$(SDKROOT)/Developer/Library/Frameworks",
					"$(inherited)",
					"$(DEVELOPER_FRAMEWORKS_DIR)",
				);
				GCC_PRECOMPILE_PREFIX_HEADER = YES;
				GCC_PREFIX_HEADER = "Qrk/Qrk-Prefix.pch";
				GCC_PREPROCESSOR_DEFINITIONS = (
					"DEBUG=1",
					"$(inherited)",
				);
				INFOPLIST_FILE = "QrkTests/QrkTests-Info.plist";
				PRODUCT_NAME = "$(TARGET_NAME)";
				TEST_HOST = "$(BUNDLE_LOADER)";
				WRAPPER_EXTENSION = xctest;
			};
			name = Debug;
		};
		FCFA3B42180C98D900484DE4 /* Release */ = {
			isa = XCBuildConfiguration;
			buildSettings = {
				ARCHS = "$(ARCHS_STANDARD_INCLUDING_64_BIT)";
				BUNDLE_LOADER = "$(BUILT_PRODUCTS_DIR)/Qrk.app/Qrk";
				FRAMEWORK_SEARCH_PATHS = (
					"$(SDKROOT)/Developer/Library/Frameworks",
					"$(inherited)",
					"$(DEVELOPER_FRAMEWORKS_DIR)",
				);
				GCC_PRECOMPILE_PREFIX_HEADER = YES;
				GCC_PREFIX_HEADER = "Qrk/Qrk-Prefix.pch";
				INFOPLIST_FILE = "QrkTests/QrkTests-Info.plist";
				PRODUCT_NAME = "$(TARGET_NAME)";
				TEST_HOST = "$(BUNDLE_LOADER)";
				WRAPPER_EXTENSION = xctest;
			};
			name = Release;
		};
/* End XCBuildConfiguration section */

/* Begin XCConfigurationList section */
		FCFA3B06180C98D800484DE4 /* Build configuration list for PBXProject "Qrk" */ = {
			isa = XCConfigurationList;
			buildConfigurations = (
				FCFA3B3B180C98D900484DE4 /* Debug */,
				FCFA3B3C180C98D900484DE4 /* Release */,
			);
			defaultConfigurationIsVisible = 0;
			defaultConfigurationName = Release;
		};
		FCFA3B3D180C98D900484DE4 /* Build configuration list for PBXNativeTarget "Qrk" */ = {
			isa = XCConfigurationList;
			buildConfigurations = (
				FCFA3B3E180C98D900484DE4 /* Debug */,
				FCFA3B3F180C98D900484DE4 /* Release */,
			);
			defaultConfigurationIsVisible = 0;
			defaultConfigurationName = Release;
		};
		FCFA3B40180C98D900484DE4 /* Build configuration list for PBXNativeTarget "QrkTests" */ = {
			isa = XCConfigurationList;
			buildConfigurations = (
				FCFA3B41180C98D900484DE4 /* Debug */,
				FCFA3B42180C98D900484DE4 /* Release */,
			);
			defaultConfigurationIsVisible = 0;
			defaultConfigurationName = Release;
		};
/* End XCConfigurationList section */
	};
	rootObject = FCFA3B03180C98D800484DE4 /* Project object */;
}
